
Microsoft Visual Studio Solution File, Format Version 12.00
# Visual Studio Version 17
VisualStudioVersion = 17.0.31903.59
MinimumVisualStudioVersion = 10.0.40219.1
Project("{2150E333-8FDC-42A3-9474-1A3956D46DE8}") = "01.ConcurrencyConflicts", "01.ConcurrencyConflicts", "{33F1DB62-7055-7374-364D-63C4FA833169}"
EndProject
Project("{FAE04EC0-301F-11D3-BF4B-00C04F79EFBC}") = "ConcurrencyConflicts", "01.ConcurrencyConflicts\ConcurrencyConflicts.csproj", "{014A420D-C634-4EA0-8AE6-E80BC233F8C1}"
EndProject
Project("{2150E333-8FDC-42A3-9474-1A3956D46DE8}") = "tests", "tests", "{4B415949-23AC-8BD6-9EE5-D05F814B5B6F}"
EndProject
Project("{FAE04EC0-301F-11D3-BF4B-00C04F79EFBC}") = "ConcurrencyConflicts.Tests", "01.ConcurrencyConflicts\tests\ConcurrencyConflicts.Tests\ConcurrencyConflicts.Tests.csproj", "{87D67216-6471-4399-941B-485A609BF9FA}"
EndProject
Project("{2150E333-8FDC-42A3-9474-1A3956D46DE8}") = "02.EfficientLINQ", "02.EfficientLINQ", "{113DB9A2-8375-F206-714C-B4C65A2747A1}"
EndProject
Project("{FAE04EC0-301F-11D3-BF4B-00C04F79EFBC}") = "EfficientLINQ", "02.EfficientLINQ\EfficientLINQ.csproj", "{E2346458-DCEA-4026-89C1-069CDC339780}"
EndProject
Project("{2150E333-8FDC-42A3-9474-1A3956D46DE8}") = "tests", "tests", "{64CF0414-30E8-B472-8192-8BC816A9F1AB}"
EndProject
Project("{FAE04EC0-301F-11D3-BF4B-00C04F79EFBC}") = "EfficientLINQ.Tests", "02.EfficientLINQ\tests\EfficientLINQ.Tests\EfficientLINQ.Tests.csproj", "{6A21E583-6616-435C-8C73-6E508882223A}"
EndProject
Project("{2150E333-8FDC-42A3-9474-1A3956D46DE8}") = "03.NPlusOne", "03.NPlusOne", "{7240C8BB-2479-D7C8-B927-5D01177AE523}"
EndProject
Project("{FAE04EC0-301F-11D3-BF4B-00C04F79EFBC}") = "NPlusOne", "03.NPlusOne\NPlusOne.csproj", "{306CE173-C8DA-42A1-8785-41E33708C64A}"
EndProject
Project("{2150E333-8FDC-42A3-9474-1A3956D46DE8}") = "tests", "tests", "{C8014E96-B35B-D5F4-1895-4CED5741915D}"
EndProject
Project("{FAE04EC0-301F-11D3-BF4B-00C04F79EFBC}") = "NPlusOne.Tests", "03.NPlusOne\tests\NPlusOne.Tests\NPlusOne.Tests.csproj", "{7BEBE9C2-04D1-42EC-AD98-107888398E03}"
EndProject
Project("{2150E333-8FDC-42A3-9474-1A3956D46DE8}") = "04.RawSQL-Dapper", "04.RawSQL-Dapper", "{CEE13A35-CECB-9369-55FD-CCAA4DCBEF2F}"
EndProject
Project("{FAE04EC0-301F-11D3-BF4B-00C04F79EFBC}") = "RawSQLDapper", "04.RawSQL-Dapper\RawSQLDapper.csproj", "{CDCC7B23-B518-4F82-B6B7-5649F52FCDE3}"
EndProject
Project("{2150E333-8FDC-42A3-9474-1A3956D46DE8}") = "tests", "tests", "{EEA54C25-FB78-2BC4-2F76-5C6D61B38790}"
EndProject
Project("{FAE04EC0-301F-11D3-BF4B-00C04F79EFBC}") = "RawSQLDapper.Tests", "04.RawSQL-Dapper\tests\RawSQLDapper.Tests\RawSQLDapper.Tests.csproj", "{525A4BC1-40E5-4788-960D-34823A643C97}"
EndProject
Project("{2150E333-8FDC-42A3-9474-1A3956D46DE8}") = "05.PerformanceOptimization", "05.PerformanceOptimization", "{E914347C-DFD8-4BEA-B648-2D78AD211D00}"
EndProject
Project("{FAE04EC0-301F-11D3-BF4B-00C04F79EFBC}") = "PerformanceOptimization", "05.PerformanceOptimization\PerformanceOptimization.csproj", "{3BBF9AF6-409C-4775-8A19-F41628F66A88}"
EndProject
Project("{2150E333-8FDC-42A3-9474-1A3956D46DE8}") = "tests", "tests", "{8FBBB292-EFFD-91E0-0402-CBE6FC7777FC}"
EndProject
Project("{FAE04EC0-301F-11D3-BF4B-00C04F79EFBC}") = "PerformanceOptimization.Tests", "05.PerformanceOptimization\tests\PerformanceOptimization.Tests\PerformanceOptimization.Tests.csproj", "{DD2E8D43-C5FA-4C25-A034-AC60DEC479FF}"
EndProject
Global
	GlobalSection(SolutionConfigurationPlatforms) = preSolution
		Debug|Any CPU = Debug|Any CPU
		Debug|x64 = Debug|x64
		Debug|x86 = Debug|x86
		Release|Any CPU = Release|Any CPU
		Release|x64 = Release|x64
		Release|x86 = Release|x86
	EndGlobalSection
	GlobalSection(ProjectConfigurationPlatforms) = postSolution
		{014A420D-C634-4EA0-8AE6-E80BC233F8C1}.Debug|Any CPU.ActiveCfg = Debug|Any CPU
		{014A420D-C634-4EA0-8AE6-E80BC233F8C1}.Debug|Any CPU.Build.0 = Debug|Any CPU
		{014A420D-C634-4EA0-8AE6-E80BC233F8C1}.Debug|x64.ActiveCfg = Debug|Any CPU
		{014A420D-C634-4EA0-8AE6-E80BC233F8C1}.Debug|x64.Build.0 = Debug|Any CPU
		{014A420D-C634-4EA0-8AE6-E80BC233F8C1}.Debug|x86.ActiveCfg = Debug|Any CPU
		{014A420D-C634-4EA0-8AE6-E80BC233F8C1}.Debug|x86.Build.0 = Debug|Any CPU
		{014A420D-C634-4EA0-8AE6-E80BC233F8C1}.Release|Any CPU.ActiveCfg = Release|Any CPU
		{014A420D-C634-4EA0-8AE6-E80BC233F8C1}.Release|Any CPU.Build.0 = Release|Any CPU
		{014A420D-C634-4EA0-8AE6-E80BC233F8C1}.Release|x64.ActiveCfg = Release|Any CPU
		{014A420D-C634-4EA0-8AE6-E80BC233F8C1}.Release|x64.Build.0 = Release|Any CPU
		{014A420D-C634-4EA0-8AE6-E80BC233F8C1}.Release|x86.ActiveCfg = Release|Any CPU
		{014A420D-C634-4EA0-8AE6-E80BC233F8C1}.Release|x86.Build.0 = Release|Any CPU
		{87D67216-6471-4399-941B-485A609BF9FA}.Debug|Any CPU.ActiveCfg = Debug|Any CPU
		{87D67216-6471-4399-941B-485A609BF9FA}.Debug|Any CPU.Build.0 = Debug|Any CPU
		{87D67216-6471-4399-941B-485A609BF9FA}.Debug|x64.ActiveCfg = Debug|Any CPU
		{87D67216-6471-4399-941B-485A609BF9FA}.Debug|x64.Build.0 = Debug|Any CPU
		{87D67216-6471-4399-941B-485A609BF9FA}.Debug|x86.ActiveCfg = Debug|Any CPU
		{87D67216-6471-4399-941B-485A609BF9FA}.Debug|x86.Build.0 = Debug|Any CPU
		{87D67216-6471-4399-941B-485A609BF9FA}.Release|Any CPU.ActiveCfg = Release|Any CPU
		{87D67216-6471-4399-941B-485A609BF9FA}.Release|Any CPU.Build.0 = Release|Any CPU
		{87D67216-6471-4399-941B-485A609BF9FA}.Release|x64.ActiveCfg = Release|Any CPU
		{87D67216-6471-4399-941B-485A609BF9FA}.Release|x64.Build.0 = Release|Any CPU
		{87D67216-6471-4399-941B-485A609BF9FA}.Release|x86.ActiveCfg = Release|Any CPU
		{87D67216-6471-4399-941B-485A609BF9FA}.Release|x86.Build.0 = Release|Any CPU
		{E2346458-DCEA-4026-89C1-069CDC339780}.Debug|Any CPU.ActiveCfg = Debug|Any CPU
		{E2346458-DCEA-4026-89C1-069CDC339780}.Debug|Any CPU.Build.0 = Debug|Any CPU
		{E2346458-DCEA-4026-89C1-069CDC339780}.Debug|x64.ActiveCfg = Debug|Any CPU
		{E2346458-DCEA-4026-89C1-069CDC339780}.Debug|x64.Build.0 = Debug|Any CPU
		{E2346458-DCEA-4026-89C1-069CDC339780}.Debug|x86.ActiveCfg = Debug|Any CPU
		{E2346458-DCEA-4026-89C1-069CDC339780}.Debug|x86.Build.0 = Debug|Any CPU
		{E2346458-DCEA-4026-89C1-069CDC339780}.Release|Any CPU.ActiveCfg = Release|Any CPU
		{E2346458-DCEA-4026-89C1-069CDC339780}.Release|Any CPU.Build.0 = Release|Any CPU
		{E2346458-DCEA-4026-89C1-069CDC339780}.Release|x64.ActiveCfg = Release|Any CPU
		{E2346458-DCEA-4026-89C1-069CDC339780}.Release|x64.Build.0 = Release|Any CPU
		{E2346458-DCEA-4026-89C1-069CDC339780}.Release|x86.ActiveCfg = Release|Any CPU
		{E2346458-DCEA-4026-89C1-069CDC339780}.Release|x86.Build.0 = Release|Any CPU
		{6A21E583-6616-435C-8C73-6E508882223A}.Debug|Any CPU.ActiveCfg = Debug|Any CPU
		{6A21E583-6616-435C-8C73-6E508882223A}.Debug|Any CPU.Build.0 = Debug|Any CPU
		{6A21E583-6616-435C-8C73-6E508882223A}.Debug|x64.ActiveCfg = Debug|Any CPU
		{6A21E583-6616-435C-8C73-6E508882223A}.Debug|x64.Build.0 = Debug|Any CPU
		{6A21E583-6616-435C-8C73-6E508882223A}.Debug|x86.ActiveCfg = Debug|Any CPU
		{6A21E583-6616-435C-8C73-6E508882223A}.Debug|x86.Build.0 = Debug|Any CPU
		{6A21E583-6616-435C-8C73-6E508882223A}.Release|Any CPU.ActiveCfg = Release|Any CPU
		{6A21E583-6616-435C-8C73-6E508882223A}.Release|Any CPU.Build.0 = Release|Any CPU
		{6A21E583-6616-435C-8C73-6E508882223A}.Release|x64.ActiveCfg = Release|Any CPU
		{6A21E583-6616-435C-8C73-6E508882223A}.Release|x64.Build.0 = Release|Any CPU
		{6A21E583-6616-435C-8C73-6E508882223A}.Release|x86.ActiveCfg = Release|Any CPU
		{6A21E583-6616-435C-8C73-6E508882223A}.Release|x86.Build.0 = Release|Any CPU
		{306CE173-C8DA-42A1-8785-41E33708C64A}.Debug|Any CPU.ActiveCfg = Debug|Any CPU
		{306CE173-C8DA-42A1-8785-41E33708C64A}.Debug|Any CPU.Build.0 = Debug|Any CPU
		{306CE173-C8DA-42A1-8785-41E33708C64A}.Debug|x64.ActiveCfg = Debug|Any CPU
		{306CE173-C8DA-42A1-8785-41E33708C64A}.Debug|x64.Build.0 = Debug|Any CPU
		{306CE173-C8DA-42A1-8785-41E33708C64A}.Debug|x86.ActiveCfg = Debug|Any CPU
		{306CE173-C8DA-42A1-8785-41E33708C64A}.Debug|x86.Build.0 = Debug|Any CPU
		{306CE173-C8DA-42A1-8785-41E33708C64A}.Release|Any CPU.ActiveCfg = Release|Any CPU
		{306CE173-C8DA-42A1-8785-41E33708C64A}.Release|Any CPU.Build.0 = Release|Any CPU
		{306CE173-C8DA-42A1-8785-41E33708C64A}.Release|x64.ActiveCfg = Release|Any CPU
		{306CE173-C8DA-42A1-8785-41E33708C64A}.Release|x64.Build.0 = Release|Any CPU
		{306CE173-C8DA-42A1-8785-41E33708C64A}.Release|x86.ActiveCfg = Release|Any CPU
		{306CE173-C8DA-42A1-8785-41E33708C64A}.Release|x86.Build.0 = Release|Any CPU
		{7BEBE9C2-04D1-42EC-AD98-107888398E03}.Debug|Any CPU.ActiveCfg = Debug|Any CPU
		{7BEBE9C2-04D1-42EC-AD98-107888398E03}.Debug|Any CPU.Build.0 = Debug|Any CPU
		{7BEBE9C2-04D1-42EC-AD98-107888398E03}.Debug|x64.ActiveCfg = Debug|Any CPU
		{7BEBE9C2-04D1-42EC-AD98-107888398E03}.Debug|x64.Build.0 = Debug|Any CPU
		{7BEBE9C2-04D1-42EC-AD98-107888398E03}.Debug|x86.ActiveCfg = Debug|Any CPU
		{7BEBE9C2-04D1-42EC-AD98-107888398E03}.Debug|x86.Build.0 = Debug|Any CPU
		{7BEBE9C2-04D1-42EC-AD98-107888398E03}.Release|Any CPU.ActiveCfg = Release|Any CPU
		{7BEBE9C2-04D1-42EC-AD98-107888398E03}.Release|Any CPU.Build.0 = Release|Any CPU
		{7BEBE9C2-04D1-42EC-AD98-107888398E03}.Release|x64.ActiveCfg = Release|Any CPU
		{7BEBE9C2-04D1-42EC-AD98-107888398E03}.Release|x64.Build.0 = Release|Any CPU
		{7BEBE9C2-04D1-42EC-AD98-107888398E03}.Release|x86.ActiveCfg = Release|Any CPU
		{7BEBE9C2-04D1-42EC-AD98-107888398E03}.Release|x86.Build.0 = Release|Any CPU
		{CDCC7B23-B518-4F82-B6B7-5649F52FCDE3}.Debug|Any CPU.ActiveCfg = Debug|Any CPU
		{CDCC7B23-B518-4F82-B6B7-5649F52FCDE3}.Debug|Any CPU.Build.0 = Debug|Any CPU
		{CDCC7B23-B518-4F82-B6B7-5649F52FCDE3}.Debug|x64.ActiveCfg = Debug|Any CPU
		{CDCC7B23-B518-4F82-B6B7-5649F52FCDE3}.Debug|x64.Build.0 = Debug|Any CPU
		{CDCC7B23-B518-4F82-B6B7-5649F52FCDE3}.Debug|x86.ActiveCfg = Debug|Any CPU
		{CDCC7B23-B518-4F82-B6B7-5649F52FCDE3}.Debug|x86.Build.0 = Debug|Any CPU
		{CDCC7B23-B518-4F82-B6B7-5649F52FCDE3}.Release|Any CPU.ActiveCfg = Release|Any CPU
		{CDCC7B23-B518-4F82-B6B7-5649F52FCDE3}.Release|Any CPU.Build.0 = Release|Any CPU
		{CDCC7B23-B518-4F82-B6B7-5649F52FCDE3}.Release|x64.ActiveCfg = Release|Any CPU
		{CDCC7B23-B518-4F82-B6B7-5649F52FCDE3}.Release|x64.Build.0 = Release|Any CPU
		{CDCC7B23-B518-4F82-B6B7-5649F52FCDE3}.Release|x86.ActiveCfg = Release|Any CPU
		{CDCC7B23-B518-4F82-B6B7-5649F52FCDE3}.Release|x86.Build.0 = Release|Any CPU
		{525A4BC1-40E5-4788-960D-34823A643C97}.Debug|Any CPU.ActiveCfg = Debug|Any CPU
		{525A4BC1-40E5-4788-960D-34823A643C97}.Debug|Any CPU.Build.0 = Debug|Any CPU
		{525A4BC1-40E5-4788-960D-34823A643C97}.Debug|x64.ActiveCfg = Debug|Any CPU
		{525A4BC1-40E5-4788-960D-34823A643C97}.Debug|x64.Build.0 = Debug|Any CPU
		{525A4BC1-40E5-4788-960D-34823A643C97}.Debug|x86.ActiveCfg = Debug|Any CPU
		{525A4BC1-40E5-4788-960D-34823A643C97}.Debug|x86.Build.0 = Debug|Any CPU
		{525A4BC1-40E5-4788-960D-34823A643C97}.Release|Any CPU.ActiveCfg = Release|Any CPU
		{525A4BC1-40E5-4788-960D-34823A643C97}.Release|Any CPU.Build.0 = Release|Any CPU
		{525A4BC1-40E5-4788-960D-34823A643C97}.Release|x64.ActiveCfg = Release|Any CPU
		{525A4BC1-40E5-4788-960D-34823A643C97}.Release|x64.Build.0 = Release|Any CPU
		{525A4BC1-40E5-4788-960D-34823A643C97}.Release|x86.ActiveCfg = Release|Any CPU
		{525A4BC1-40E5-4788-960D-34823A643C97}.Release|x86.Build.0 = Release|Any CPU
		{3BBF9AF6-409C-4775-8A19-F41628F66A88}.Debug|Any CPU.ActiveCfg = Debug|Any CPU
		{3BBF9AF6-409C-4775-8A19-F41628F66A88}.Debug|Any CPU.Build.0 = Debug|Any CPU
		{3BBF9AF6-409C-4775-8A19-F41628F66A88}.Debug|x64.ActiveCfg = Debug|Any CPU
		{3BBF9AF6-409C-4775-8A19-F41628F66A88}.Debug|x64.Build.0 = Debug|Any CPU
		{3BBF9AF6-409C-4775-8A19-F41628F66A88}.Debug|x86.ActiveCfg = Debug|Any CPU
		{3BBF9AF6-409C-4775-8A19-F41628F66A88}.Debug|x86.Build.0 = Debug|Any CPU
		{3BBF9AF6-409C-4775-8A19-F41628F66A88}.Release|Any CPU.ActiveCfg = Release|Any CPU
		{3BBF9AF6-409C-4775-8A19-F41628F66A88}.Release|Any CPU.Build.0 = Release|Any CPU
		{3BBF9AF6-409C-4775-8A19-F41628F66A88}.Release|x64.ActiveCfg = Release|Any CPU
		{3BBF9AF6-409C-4775-8A19-F41628F66A88}.Release|x64.Build.0 = Release|Any CPU
		{3BBF9AF6-409C-4775-8A19-F41628F66A88}.Release|x86.ActiveCfg = Release|Any CPU
		{3BBF9AF6-409C-4775-8A19-F41628F66A88}.Release|x86.Build.0 = Release|Any CPU
		{DD2E8D43-C5FA-4C25-A034-AC60DEC479FF}.Debug|Any CPU.ActiveCfg = Debug|Any CPU
		{DD2E8D43-C5FA-4C25-A034-AC60DEC479FF}.Debug|Any CPU.Build.0 = Debug|Any CPU
		{DD2E8D43-C5FA-4C25-A034-AC60DEC479FF}.Debug|x64.ActiveCfg = Debug|Any CPU
		{DD2E8D43-C5FA-4C25-A034-AC60DEC479FF}.Debug|x64.Build.0 = Debug|Any CPU
		{DD2E8D43-C5FA-4C25-A034-AC60DEC479FF}.Debug|x86.ActiveCfg = Debug|Any CPU
		{DD2E8D43-C5FA-4C25-A034-AC60DEC479FF}.Debug|x86.Build.0 = Debug|Any CPU
		{DD2E8D43-C5FA-4C25-A034-AC60DEC479FF}.Release|Any CPU.ActiveCfg = Release|Any CPU
		{DD2E8D43-C5FA-4C25-A034-AC60DEC479FF}.Release|Any CPU.Build.0 = Release|Any CPU
		{DD2E8D43-C5FA-4C25-A034-AC60DEC479FF}.Release|x64.ActiveCfg = Release|Any CPU
		{DD2E8D43-C5FA-4C25-A034-AC60DEC479FF}.Release|x64.Build.0 = Release|Any CPU
		{DD2E8D43-C5FA-4C25-A034-AC60DEC479FF}.Release|x86.ActiveCfg = Release|Any CPU
		{DD2E8D43-C5FA-4C25-A034-AC60DEC479FF}.Release|x86.Build.0 = Release|Any CPU
	EndGlobalSection
	GlobalSection(SolutionProperties) = preSolution
		HideSolutionNode = FALSE
	EndGlobalSection
	GlobalSection(NestedProjects) = preSolution
		{014A420D-C634-4EA0-8AE6-E80BC233F8C1} = {33F1DB62-7055-7374-364D-63C4FA833169}
		{4B415949-23AC-8BD6-9EE5-D05F814B5B6F} = {33F1DB62-7055-7374-364D-63C4FA833169}
		{87D67216-6471-4399-941B-485A609BF9FA} = {4B415949-23AC-8BD6-9EE5-D05F814B5B6F}
		{E2346458-DCEA-4026-89C1-069CDC339780} = {113DB9A2-8375-F206-714C-B4C65A2747A1}
		{64CF0414-30E8-B472-8192-8BC816A9F1AB} = {113DB9A2-8375-F206-714C-B4C65A2747A1}
		{6A21E583-6616-435C-8C73-6E508882223A} = {64CF0414-30E8-B472-8192-8BC816A9F1AB}
		{306CE173-C8DA-42A1-8785-41E33708C64A} = {7240C8BB-2479-D7C8-B927-5D01177AE523}
		{C8014E96-B35B-D5F4-1895-4CED5741915D} = {7240C8BB-2479-D7C8-B927-5D01177AE523}
		{7BEBE9C2-04D1-42EC-AD98-107888398E03} = {C8014E96-B35B-D5F4-1895-4CED5741915D}
		{CDCC7B23-B518-4F82-B6B7-5649F52FCDE3} = {CEE13A35-CECB-9369-55FD-CCAA4DCBEF2F}
		{EEA54C25-FB78-2BC4-2F76-5C6D61B38790} = {CEE13A35-CECB-9369-55FD-CCAA4DCBEF2F}
		{525A4BC1-40E5-4788-960D-34823A643C97} = {EEA54C25-FB78-2BC4-2F76-5C6D61B38790}
		{3BBF9AF6-409C-4775-8A19-F41628F66A88} = {E914347C-DFD8-4BEA-B648-2D78AD211D00}
		{8FBBB292-EFFD-91E0-0402-CBE6FC7777FC} = {E914347C-DFD8-4BEA-B648-2D78AD211D00}
		{DD2E8D43-C5FA-4C25-A034-AC60DEC479FF} = {8FBBB292-EFFD-91E0-0402-CBE6FC7777FC}
	EndGlobalSection
EndGlobal
