
Microsoft Visual Studio Solution File, Format Version 12.00
# Visual Studio Version 17
VisualStudioVersion = 17.0.31903.59
MinimumVisualStudioVersion = 10.0.40219.1
Project("{FAE04EC0-301F-11D3-BF4B-00C04F79EFBC}") = "01.RazorPagesCICDDemo", "01.RazorPagesCICDDemo\01.RazorPagesCICDDemo.csproj", "{F2E23EB1-2376-4C8E-ABD8-878A36BDA1C1}"
EndProject
Project("{FAE04EC0-301F-11D3-BF4B-00C04F79EFBC}") = "01.RazorPagesCICDDemo.Tests", "01.RazorPagesCICDDemo\tests\01.RazorPagesCICDDemo.Tests\01.RazorPagesCICDDemo.Tests.csproj", "{E8FE9614-8C37-4FEB-92D2-233F943E7AE2}"
EndProject
Global
	GlobalSection(SolutionConfigurationPlatforms) = preSolution
		Debug|Any CPU = Debug|Any CPU
		Debug|x64 = Debug|x64
		Debug|x86 = Debug|x86
		Release|Any CPU = Release|Any CPU
		Release|x64 = Release|x64
		Release|x86 = Release|x86
	EndGlobalSection
	GlobalSection(ProjectConfigurationPlatforms) = postSolution
		{F2E23EB1-2376-4C8E-ABD8-878A36BDA1C1}.Debug|Any CPU.ActiveCfg = Debug|Any CPU
		{F2E23EB1-2376-4C8E-ABD8-878A36BDA1C1}.Debug|Any CPU.Build.0 = Debug|Any CPU
		{F2E23EB1-2376-4C8E-ABD8-878A36BDA1C1}.Debug|x64.ActiveCfg = Debug|Any CPU
		{F2E23EB1-2376-4C8E-ABD8-878A36BDA1C1}.Debug|x64.Build.0 = Debug|Any CPU
		{F2E23EB1-2376-4C8E-ABD8-878A36BDA1C1}.Debug|x86.ActiveCfg = Debug|Any CPU
		{F2E23EB1-2376-4C8E-ABD8-878A36BDA1C1}.Debug|x86.Build.0 = Debug|Any CPU
		{F2E23EB1-2376-4C8E-ABD8-878A36BDA1C1}.Release|Any CPU.ActiveCfg = Release|Any CPU
		{F2E23EB1-2376-4C8E-ABD8-878A36BDA1C1}.Release|Any CPU.Build.0 = Release|Any CPU
		{F2E23EB1-2376-4C8E-ABD8-878A36BDA1C1}.Release|x64.ActiveCfg = Release|Any CPU
		{F2E23EB1-2376-4C8E-ABD8-878A36BDA1C1}.Release|x64.Build.0 = Release|Any CPU
		{F2E23EB1-2376-4C8E-ABD8-878A36BDA1C1}.Release|x86.ActiveCfg = Release|Any CPU
		{F2E23EB1-2376-4C8E-ABD8-878A36BDA1C1}.Release|x86.Build.0 = Release|Any CPU
		{E8FE9614-8C37-4FEB-92D2-233F943E7AE2}.Debug|Any CPU.ActiveCfg = Debug|Any CPU
		{E8FE9614-8C37-4FEB-92D2-233F943E7AE2}.Debug|Any CPU.Build.0 = Debug|Any CPU
		{E8FE9614-8C37-4FEB-92D2-233F943E7AE2}.Debug|x64.ActiveCfg = Debug|Any CPU
		{E8FE9614-8C37-4FEB-92D2-233F943E7AE2}.Debug|x64.Build.0 = Debug|Any CPU
		{E8FE9614-8C37-4FEB-92D2-233F943E7AE2}.Debug|x86.ActiveCfg = Debug|Any CPU
		{E8FE9614-8C37-4FEB-92D2-233F943E7AE2}.Debug|x86.Build.0 = Debug|Any CPU
		{E8FE9614-8C37-4FEB-92D2-233F943E7AE2}.Release|Any CPU.ActiveCfg = Release|Any CPU
		{E8FE9614-8C37-4FEB-92D2-233F943E7AE2}.Release|Any CPU.Build.0 = Release|Any CPU
		{E8FE9614-8C37-4FEB-92D2-233F943E7AE2}.Release|x64.ActiveCfg = Release|Any CPU
		{E8FE9614-8C37-4FEB-92D2-233F943E7AE2}.Release|x64.Build.0 = Release|Any CPU
		{E8FE9614-8C37-4FEB-92D2-233F943E7AE2}.Release|x86.ActiveCfg = Release|Any CPU
		{E8FE9614-8C37-4FEB-92D2-233F943E7AE2}.Release|x86.Build.0 = Release|Any CPU
	EndGlobalSection
	GlobalSection(SolutionProperties) = preSolution
		HideSolutionNode = FALSE
	EndGlobalSection
EndGlobal
