
Microsoft Visual Studio Solution File, Format Version 12.00
# Visual Studio Version 17
VisualStudioVersion = 17.5.2.0
MinimumVisualStudioVersion = 10.0.40219.1
Project("{2150E333-8FDC-42A3-9474-1A3956D46DE8}") = "01.HelloWorldMAUI", "01.HelloWorldMAUI", "{790742E9-25CC-946E-7979-52885510D85C}"
EndProject
Project("{FAE04EC0-301F-11D3-BF4B-00C04F79EFBC}") = "HelloWorldMAUI", "01.HelloWorldMAUI\HelloWorldMAUI.csproj", "{7CB21496-9544-7C5E-61C8-9AADAF3A88E8}"
EndProject
Project("{2150E333-8FDC-42A3-9474-1A3956D46DE8}") = "02.MvvmDependencyInjection", "02.MvvmDependencyInjection", "{A7EC04D8-A7DB-4F35-F42D-C08944357F54}"
EndProject
Project("{FAE04EC0-301F-11D3-BF4B-00C04F79EFBC}") = "MvvmDependencyInjection", "02.MvvmDependencyInjection\MvvmDependencyInjection.csproj", "{EC2E36CF-3ECC-49BA-B66D-BBB8E9C6AFB7}"
EndProject
Project("{2150E333-8FDC-42A3-9474-1A3956D46DE8}") = "03.ShellNavigation", "03.ShellNavigation", "{AFA74DB2-6C19-AFBA-CA33-1941320B642F}"
EndProject
Project("{FAE04EC0-301F-11D3-BF4B-00C04F79EFBC}") = "ShellNavigation", "03.ShellNavigation\ShellNavigation.csproj", "{EB9C6C63-2030-4F97-8D91-CDF88B447EB3}"
EndProject
Project("{2150E333-8FDC-42A3-9474-1A3956D46DE8}") = "04.LayoutsAndCollections", "04.LayoutsAndCollections", "{4C4D6C56-1787-023B-1370-B4A073752070}"
EndProject
Project("{FAE04EC0-301F-11D3-BF4B-00C04F79EFBC}") = "LayoutsAndCollections", "04.LayoutsAndCollections\LayoutsAndCollections.csproj", "{76FE83CA-8A3D-4C12-847D-D630EA6FC95A}"
EndProject
Project("{2150E333-8FDC-42A3-9474-1A3956D46DE8}") = "05.HardwareAndPlatformAPIs", "05.HardwareAndPlatformAPIs", "{F3925594-E6EC-9B7E-2EE3-CF3FF4F15599}"
EndProject
Project("{FAE04EC0-301F-11D3-BF4B-00C04F79EFBC}") = "HardwareAndPlatformAPIs", "05.HardwareAndPlatformAPIs\HardwareAndPlatformAPIs.csproj", "{97E48426-B2B1-49EB-B0D6-A124E4ED2DAF}"
EndProject
Project("{2150E333-8FDC-42A3-9474-1A3956D46DE8}") = "06.ComprehensiveTaskListApp", "06.ComprehensiveTaskListApp", "{CFBBD7F8-0D67-C096-997D-B4AAE0FCF820}"
EndProject
Project("{FAE04EC0-301F-11D3-BF4B-00C04F79EFBC}") = "ComprehensiveTaskListApp", "06.ComprehensiveTaskListApp\ComprehensiveTaskListApp.csproj", "{4EE8E0A4-4F6A-407D-B2D8-75E615164418}"
EndProject
Global
	GlobalSection(SolutionConfigurationPlatforms) = preSolution
		Debug|Any CPU = Debug|Any CPU
		Debug|x64 = Debug|x64
		Debug|x86 = Debug|x86
		Release|Any CPU = Release|Any CPU
		Release|x64 = Release|x64
		Release|x86 = Release|x86
	EndGlobalSection
	GlobalSection(ProjectConfigurationPlatforms) = postSolution
		{7CB21496-9544-7C5E-61C8-9AADAF3A88E8}.Debug|Any CPU.ActiveCfg = Debug|Any CPU
		{7CB21496-9544-7C5E-61C8-9AADAF3A88E8}.Debug|Any CPU.Build.0 = Debug|Any CPU
		{7CB21496-9544-7C5E-61C8-9AADAF3A88E8}.Debug|x64.ActiveCfg = Debug|Any CPU
		{7CB21496-9544-7C5E-61C8-9AADAF3A88E8}.Debug|x64.Build.0 = Debug|Any CPU
		{7CB21496-9544-7C5E-61C8-9AADAF3A88E8}.Debug|x86.ActiveCfg = Debug|Any CPU
		{7CB21496-9544-7C5E-61C8-9AADAF3A88E8}.Debug|x86.Build.0 = Debug|Any CPU
		{7CB21496-9544-7C5E-61C8-9AADAF3A88E8}.Release|Any CPU.ActiveCfg = Release|Any CPU
		{7CB21496-9544-7C5E-61C8-9AADAF3A88E8}.Release|Any CPU.Build.0 = Release|Any CPU
		{7CB21496-9544-7C5E-61C8-9AADAF3A88E8}.Release|x64.ActiveCfg = Release|Any CPU
		{7CB21496-9544-7C5E-61C8-9AADAF3A88E8}.Release|x64.Build.0 = Release|Any CPU
		{7CB21496-9544-7C5E-61C8-9AADAF3A88E8}.Release|x86.ActiveCfg = Release|Any CPU
		{7CB21496-9544-7C5E-61C8-9AADAF3A88E8}.Release|x86.Build.0 = Release|Any CPU
		{EC2E36CF-3ECC-49BA-B66D-BBB8E9C6AFB7}.Debug|Any CPU.ActiveCfg = Debug|Any CPU
		{EC2E36CF-3ECC-49BA-B66D-BBB8E9C6AFB7}.Debug|Any CPU.Build.0 = Debug|Any CPU
		{EC2E36CF-3ECC-49BA-B66D-BBB8E9C6AFB7}.Debug|x64.ActiveCfg = Debug|Any CPU
		{EC2E36CF-3ECC-49BA-B66D-BBB8E9C6AFB7}.Debug|x64.Build.0 = Debug|Any CPU
		{EC2E36CF-3ECC-49BA-B66D-BBB8E9C6AFB7}.Debug|x86.ActiveCfg = Debug|Any CPU
		{EC2E36CF-3ECC-49BA-B66D-BBB8E9C6AFB7}.Debug|x86.Build.0 = Debug|Any CPU
		{EC2E36CF-3ECC-49BA-B66D-BBB8E9C6AFB7}.Release|Any CPU.ActiveCfg = Release|Any CPU
		{EC2E36CF-3ECC-49BA-B66D-BBB8E9C6AFB7}.Release|Any CPU.Build.0 = Release|Any CPU
		{EC2E36CF-3ECC-49BA-B66D-BBB8E9C6AFB7}.Release|x64.ActiveCfg = Release|Any CPU
		{EC2E36CF-3ECC-49BA-B66D-BBB8E9C6AFB7}.Release|x64.Build.0 = Release|Any CPU
		{EC2E36CF-3ECC-49BA-B66D-BBB8E9C6AFB7}.Release|x86.ActiveCfg = Release|Any CPU
		{EC2E36CF-3ECC-49BA-B66D-BBB8E9C6AFB7}.Release|x86.Build.0 = Release|Any CPU
		{EB9C6C63-2030-4F97-8D91-CDF88B447EB3}.Debug|Any CPU.ActiveCfg = Debug|Any CPU
		{EB9C6C63-2030-4F97-8D91-CDF88B447EB3}.Debug|Any CPU.Build.0 = Debug|Any CPU
		{EB9C6C63-2030-4F97-8D91-CDF88B447EB3}.Debug|x64.ActiveCfg = Debug|Any CPU
		{EB9C6C63-2030-4F97-8D91-CDF88B447EB3}.Debug|x64.Build.0 = Debug|Any CPU
		{EB9C6C63-2030-4F97-8D91-CDF88B447EB3}.Debug|x86.ActiveCfg = Debug|Any CPU
		{EB9C6C63-2030-4F97-8D91-CDF88B447EB3}.Debug|x86.Build.0 = Debug|Any CPU
		{EB9C6C63-2030-4F97-8D91-CDF88B447EB3}.Release|Any CPU.ActiveCfg = Release|Any CPU
		{EB9C6C63-2030-4F97-8D91-CDF88B447EB3}.Release|Any CPU.Build.0 = Release|Any CPU
		{EB9C6C63-2030-4F97-8D91-CDF88B447EB3}.Release|x64.ActiveCfg = Release|Any CPU
		{EB9C6C63-2030-4F97-8D91-CDF88B447EB3}.Release|x64.Build.0 = Release|Any CPU
		{EB9C6C63-2030-4F97-8D91-CDF88B447EB3}.Release|x86.ActiveCfg = Release|Any CPU
		{EB9C6C63-2030-4F97-8D91-CDF88B447EB3}.Release|x86.Build.0 = Release|Any CPU
		{76FE83CA-8A3D-4C12-847D-D630EA6FC95A}.Debug|Any CPU.ActiveCfg = Debug|Any CPU
		{76FE83CA-8A3D-4C12-847D-D630EA6FC95A}.Debug|Any CPU.Build.0 = Debug|Any CPU
		{76FE83CA-8A3D-4C12-847D-D630EA6FC95A}.Debug|x64.ActiveCfg = Debug|Any CPU
		{76FE83CA-8A3D-4C12-847D-D630EA6FC95A}.Debug|x64.Build.0 = Debug|Any CPU
		{76FE83CA-8A3D-4C12-847D-D630EA6FC95A}.Debug|x86.ActiveCfg = Debug|Any CPU
		{76FE83CA-8A3D-4C12-847D-D630EA6FC95A}.Debug|x86.Build.0 = Debug|Any CPU
		{76FE83CA-8A3D-4C12-847D-D630EA6FC95A}.Release|Any CPU.ActiveCfg = Release|Any CPU
		{76FE83CA-8A3D-4C12-847D-D630EA6FC95A}.Release|Any CPU.Build.0 = Release|Any CPU
		{76FE83CA-8A3D-4C12-847D-D630EA6FC95A}.Release|x64.ActiveCfg = Release|Any CPU
		{76FE83CA-8A3D-4C12-847D-D630EA6FC95A}.Release|x64.Build.0 = Release|Any CPU
		{76FE83CA-8A3D-4C12-847D-D630EA6FC95A}.Release|x86.ActiveCfg = Release|Any CPU
		{76FE83CA-8A3D-4C12-847D-D630EA6FC95A}.Release|x86.Build.0 = Release|Any CPU
		{97E48426-B2B1-49EB-B0D6-A124E4ED2DAF}.Debug|Any CPU.ActiveCfg = Debug|Any CPU
		{97E48426-B2B1-49EB-B0D6-A124E4ED2DAF}.Debug|Any CPU.Build.0 = Debug|Any CPU
		{97E48426-B2B1-49EB-B0D6-A124E4ED2DAF}.Debug|x64.ActiveCfg = Debug|Any CPU
		{97E48426-B2B1-49EB-B0D6-A124E4ED2DAF}.Debug|x64.Build.0 = Debug|Any CPU
		{97E48426-B2B1-49EB-B0D6-A124E4ED2DAF}.Debug|x86.ActiveCfg = Debug|Any CPU
		{97E48426-B2B1-49EB-B0D6-A124E4ED2DAF}.Debug|x86.Build.0 = Debug|Any CPU
		{97E48426-B2B1-49EB-B0D6-A124E4ED2DAF}.Release|Any CPU.ActiveCfg = Release|Any CPU
		{97E48426-B2B1-49EB-B0D6-A124E4ED2DAF}.Release|Any CPU.Build.0 = Release|Any CPU
		{97E48426-B2B1-49EB-B0D6-A124E4ED2DAF}.Release|x64.ActiveCfg = Release|Any CPU
		{97E48426-B2B1-49EB-B0D6-A124E4ED2DAF}.Release|x64.Build.0 = Release|Any CPU
		{97E48426-B2B1-49EB-B0D6-A124E4ED2DAF}.Release|x86.ActiveCfg = Release|Any CPU
		{97E48426-B2B1-49EB-B0D6-A124E4ED2DAF}.Release|x86.Build.0 = Release|Any CPU
		{4EE8E0A4-4F6A-407D-B2D8-75E615164418}.Debug|Any CPU.ActiveCfg = Debug|Any CPU
		{4EE8E0A4-4F6A-407D-B2D8-75E615164418}.Debug|Any CPU.Build.0 = Debug|Any CPU
		{4EE8E0A4-4F6A-407D-B2D8-75E615164418}.Debug|x64.ActiveCfg = Debug|Any CPU
		{4EE8E0A4-4F6A-407D-B2D8-75E615164418}.Debug|x64.Build.0 = Debug|Any CPU
		{4EE8E0A4-4F6A-407D-B2D8-75E615164418}.Debug|x86.ActiveCfg = Debug|Any CPU
		{4EE8E0A4-4F6A-407D-B2D8-75E615164418}.Debug|x86.Build.0 = Debug|Any CPU
		{4EE8E0A4-4F6A-407D-B2D8-75E615164418}.Release|Any CPU.ActiveCfg = Release|Any CPU
		{4EE8E0A4-4F6A-407D-B2D8-75E615164418}.Release|Any CPU.Build.0 = Release|Any CPU
		{4EE8E0A4-4F6A-407D-B2D8-75E615164418}.Release|x64.ActiveCfg = Release|Any CPU
		{4EE8E0A4-4F6A-407D-B2D8-75E615164418}.Release|x64.Build.0 = Release|Any CPU
		{4EE8E0A4-4F6A-407D-B2D8-75E615164418}.Release|x86.ActiveCfg = Release|Any CPU
		{4EE8E0A4-4F6A-407D-B2D8-75E615164418}.Release|x86.Build.0 = Release|Any CPU
	EndGlobalSection
	GlobalSection(SolutionProperties) = preSolution
		HideSolutionNode = FALSE
	EndGlobalSection
	GlobalSection(NestedProjects) = preSolution
		{7CB21496-9544-7C5E-61C8-9AADAF3A88E8} = {790742E9-25CC-946E-7979-52885510D85C}
		{EC2E36CF-3ECC-49BA-B66D-BBB8E9C6AFB7} = {A7EC04D8-A7DB-4F35-F42D-C08944357F54}
		{EB9C6C63-2030-4F97-8D91-CDF88B447EB3} = {AFA74DB2-6C19-AFBA-CA33-1941320B642F}
		{76FE83CA-8A3D-4C12-847D-D630EA6FC95A} = {4C4D6C56-1787-023B-1370-B4A073752070}
		{97E48426-B2B1-49EB-B0D6-A124E4ED2DAF} = {F3925594-E6EC-9B7E-2EE3-CF3FF4F15599}
		{4EE8E0A4-4F6A-407D-B2D8-75E615164418} = {CFBBD7F8-0D67-C096-997D-B4AAE0FCF820}
	EndGlobalSection
	GlobalSection(ExtensibilityGlobals) = postSolution
		SolutionGuid = {98BE542E-BA94-428D-8082-70E8FBAF1DC7}
	EndGlobalSection
EndGlobal
