Microsoft Visual Studio Solution File, Format Version 12.00
# Visual Studio Version 17
VisualStudioVersion = 17.5.2.0
MinimumVisualStudioVersion = 10.0.40219.1
Project("{2150E333-8FDC-42A3-9474-1A3956D46DE8}") = "01.HelloWorldMAUI", "01.HelloWorldMAUI", "{790742E9-25CC-946E-7979-52885510D85C}"
EndProject
Project("{FAE04EC0-301F-11D3-BF4B-00C04F79EFBC}") = "HelloWorldMAUI", "01.HelloWorldMAUI\HelloWorldMAUI.csproj", "{7CB21496-9544-7C5E-61C8-9AADAF3A88E8}"
EndProject
Global
	GlobalSection(SolutionConfigurationPlatforms) = preSolution
		Debug|Any CPU = Debug|Any CPU
		Release|Any CPU = Release|Any CPU
	EndGlobalSection
	GlobalSection(ProjectConfigurationPlatforms) = postSolution
		{7CB21496-9544-7C5E-61C8-9AADAF3A88E8}.Debug|Any CPU.ActiveCfg = Debug|Any CPU
		{7CB21496-9544-7C5E-61C8-9AADAF3A88E8}.Debug|Any CPU.Build.0 = Debug|Any CPU
		{7CB21496-9544-7C5E-61C8-9AADAF3A88E8}.Release|Any CPU.ActiveCfg = Release|Any CPU
		{7CB21496-9544-7C5E-61C8-9AADAF3A88E8}.Release|Any CPU.Build.0 = Release|Any CPU
	EndGlobalSection
	GlobalSection(SolutionProperties) = preSolution
		HideSolutionNode = FALSE
	EndGlobalSection
	GlobalSection(NestedProjects) = preSolution
		{7CB21496-9544-7C5E-61C8-9AADAF3A88E8} = {790742E9-25CC-946E-7979-52885510D85C}
	EndGlobalSection
	GlobalSection(ExtensibilityGlobals) = postSolution
		SolutionGuid = {98BE542E-BA94-428D-8082-70E8FBAF1DC7}
	EndGlobalSection
EndGlobal
