
Microsoft Visual Studio Solution File, Format Version 12.00
# Visual Studio Version 17
VisualStudioVersion = 17.5.2.0
MinimumVisualStudioVersion = 10.0.40219.1
Project("{FAE04EC0-301F-11D3-BF4B-00C04F79EFBC}") = "01.BasicRouting", "01.BasicRouting\01.BasicRouting.csproj", "{A6B9F54F-1B0B-E44A-693B-CB4980C84155}"
EndProject
Project("{FAE04EC0-301F-11D3-BF4B-00C04F79EFBC}") = "02.TagHelpers", "02.TagHelpers\02.TagHelpers.csproj", "{79452CAB-8A6B-4C16-843A-7E29256FCE6B}"
EndProject
Project("{FAE04EC0-301F-11D3-BF4B-00C04F79EFBC}") = "03.NavigationMenus", "03.NavigationMenus\03.NavigationMenus.csproj", "{8295CB46-94EF-48DF-BEAF-C9BC93C50EA3}"
EndProject
Project("{FAE04EC0-301F-11D3-BF4B-00C04F79EFBC}") = "04.Breadcrumbs", "04.Breadcrumbs\04.Breadcrumbs.csproj", "{A4661F76-E212-417D-BC2B-1E22040AAE84}"
EndProject
Project("{FAE04EC0-301F-11D3-BF4B-00C04F79EFBC}") = "05.SidebarNavigation", "05.SidebarNavigation\05.SidebarNavigation.csproj", "{8017DDF4-D909-4CA5-BBAF-13DFF82BB717}"
EndProject
Project("{FAE04EC0-301F-11D3-BF4B-00C04F79EFBC}") = "06.ComprehensiveNavigation", "06.ComprehensiveNavigation\06.ComprehensiveNavigation.csproj", "{F2644B55-4B7C-4580-BB88-0DAE35ED5F2D}"
EndProject
Global
	GlobalSection(SolutionConfigurationPlatforms) = preSolution
		Debug|Any CPU = Debug|Any CPU
		Debug|x64 = Debug|x64
		Debug|x86 = Debug|x86
		Release|Any CPU = Release|Any CPU
		Release|x64 = Release|x64
		Release|x86 = Release|x86
	EndGlobalSection
	GlobalSection(ProjectConfigurationPlatforms) = postSolution
		{A6B9F54F-1B0B-E44A-693B-CB4980C84155}.Debug|Any CPU.ActiveCfg = Debug|Any CPU
		{A6B9F54F-1B0B-E44A-693B-CB4980C84155}.Debug|Any CPU.Build.0 = Debug|Any CPU
		{A6B9F54F-1B0B-E44A-693B-CB4980C84155}.Debug|x64.ActiveCfg = Debug|Any CPU
		{A6B9F54F-1B0B-E44A-693B-CB4980C84155}.Debug|x64.Build.0 = Debug|Any CPU
		{A6B9F54F-1B0B-E44A-693B-CB4980C84155}.Debug|x86.ActiveCfg = Debug|Any CPU
		{A6B9F54F-1B0B-E44A-693B-CB4980C84155}.Debug|x86.Build.0 = Debug|Any CPU
		{A6B9F54F-1B0B-E44A-693B-CB4980C84155}.Release|Any CPU.ActiveCfg = Release|Any CPU
		{A6B9F54F-1B0B-E44A-693B-CB4980C84155}.Release|Any CPU.Build.0 = Release|Any CPU
		{A6B9F54F-1B0B-E44A-693B-CB4980C84155}.Release|x64.ActiveCfg = Release|Any CPU
		{A6B9F54F-1B0B-E44A-693B-CB4980C84155}.Release|x64.Build.0 = Release|Any CPU
		{A6B9F54F-1B0B-E44A-693B-CB4980C84155}.Release|x86.ActiveCfg = Release|Any CPU
		{A6B9F54F-1B0B-E44A-693B-CB4980C84155}.Release|x86.Build.0 = Release|Any CPU
		{79452CAB-8A6B-4C16-843A-7E29256FCE6B}.Debug|Any CPU.ActiveCfg = Debug|Any CPU
		{79452CAB-8A6B-4C16-843A-7E29256FCE6B}.Debug|Any CPU.Build.0 = Debug|Any CPU
		{79452CAB-8A6B-4C16-843A-7E29256FCE6B}.Debug|x64.ActiveCfg = Debug|Any CPU
		{79452CAB-8A6B-4C16-843A-7E29256FCE6B}.Debug|x64.Build.0 = Debug|Any CPU
		{79452CAB-8A6B-4C16-843A-7E29256FCE6B}.Debug|x86.ActiveCfg = Debug|Any CPU
		{79452CAB-8A6B-4C16-843A-7E29256FCE6B}.Debug|x86.Build.0 = Debug|Any CPU
		{79452CAB-8A6B-4C16-843A-7E29256FCE6B}.Release|Any CPU.ActiveCfg = Release|Any CPU
		{79452CAB-8A6B-4C16-843A-7E29256FCE6B}.Release|Any CPU.Build.0 = Release|Any CPU
		{79452CAB-8A6B-4C16-843A-7E29256FCE6B}.Release|x64.ActiveCfg = Release|Any CPU
		{79452CAB-8A6B-4C16-843A-7E29256FCE6B}.Release|x64.Build.0 = Release|Any CPU
		{79452CAB-8A6B-4C16-843A-7E29256FCE6B}.Release|x86.ActiveCfg = Release|Any CPU
		{79452CAB-8A6B-4C16-843A-7E29256FCE6B}.Release|x86.Build.0 = Release|Any CPU
		{8295CB46-94EF-48DF-BEAF-C9BC93C50EA3}.Debug|Any CPU.ActiveCfg = Debug|Any CPU
		{8295CB46-94EF-48DF-BEAF-C9BC93C50EA3}.Debug|Any CPU.Build.0 = Debug|Any CPU
		{8295CB46-94EF-48DF-BEAF-C9BC93C50EA3}.Debug|x64.ActiveCfg = Debug|Any CPU
		{8295CB46-94EF-48DF-BEAF-C9BC93C50EA3}.Debug|x64.Build.0 = Debug|Any CPU
		{8295CB46-94EF-48DF-BEAF-C9BC93C50EA3}.Debug|x86.ActiveCfg = Debug|Any CPU
		{8295CB46-94EF-48DF-BEAF-C9BC93C50EA3}.Debug|x86.Build.0 = Debug|Any CPU
		{8295CB46-94EF-48DF-BEAF-C9BC93C50EA3}.Release|Any CPU.ActiveCfg = Release|Any CPU
		{8295CB46-94EF-48DF-BEAF-C9BC93C50EA3}.Release|Any CPU.Build.0 = Release|Any CPU
		{8295CB46-94EF-48DF-BEAF-C9BC93C50EA3}.Release|x64.ActiveCfg = Release|Any CPU
		{8295CB46-94EF-48DF-BEAF-C9BC93C50EA3}.Release|x64.Build.0 = Release|Any CPU
		{8295CB46-94EF-48DF-BEAF-C9BC93C50EA3}.Release|x86.ActiveCfg = Release|Any CPU
		{8295CB46-94EF-48DF-BEAF-C9BC93C50EA3}.Release|x86.Build.0 = Release|Any CPU
		{A4661F76-E212-417D-BC2B-1E22040AAE84}.Debug|Any CPU.ActiveCfg = Debug|Any CPU
		{A4661F76-E212-417D-BC2B-1E22040AAE84}.Debug|Any CPU.Build.0 = Debug|Any CPU
		{A4661F76-E212-417D-BC2B-1E22040AAE84}.Debug|x64.ActiveCfg = Debug|Any CPU
		{A4661F76-E212-417D-BC2B-1E22040AAE84}.Debug|x64.Build.0 = Debug|Any CPU
		{A4661F76-E212-417D-BC2B-1E22040AAE84}.Debug|x86.ActiveCfg = Debug|Any CPU
		{A4661F76-E212-417D-BC2B-1E22040AAE84}.Debug|x86.Build.0 = Debug|Any CPU
		{A4661F76-E212-417D-BC2B-1E22040AAE84}.Release|Any CPU.ActiveCfg = Release|Any CPU
		{A4661F76-E212-417D-BC2B-1E22040AAE84}.Release|Any CPU.Build.0 = Release|Any CPU
		{A4661F76-E212-417D-BC2B-1E22040AAE84}.Release|x64.ActiveCfg = Release|Any CPU
		{A4661F76-E212-417D-BC2B-1E22040AAE84}.Release|x64.Build.0 = Release|Any CPU
		{A4661F76-E212-417D-BC2B-1E22040AAE84}.Release|x86.ActiveCfg = Release|Any CPU
		{A4661F76-E212-417D-BC2B-1E22040AAE84}.Release|x86.Build.0 = Release|Any CPU
		{8017DDF4-D909-4CA5-BBAF-13DFF82BB717}.Debug|Any CPU.ActiveCfg = Debug|Any CPU
		{8017DDF4-D909-4CA5-BBAF-13DFF82BB717}.Debug|Any CPU.Build.0 = Debug|Any CPU
		{8017DDF4-D909-4CA5-BBAF-13DFF82BB717}.Debug|x64.ActiveCfg = Debug|Any CPU
		{8017DDF4-D909-4CA5-BBAF-13DFF82BB717}.Debug|x64.Build.0 = Debug|Any CPU
		{8017DDF4-D909-4CA5-BBAF-13DFF82BB717}.Debug|x86.ActiveCfg = Debug|Any CPU
		{8017DDF4-D909-4CA5-BBAF-13DFF82BB717}.Debug|x86.Build.0 = Debug|Any CPU
		{8017DDF4-D909-4CA5-BBAF-13DFF82BB717}.Release|Any CPU.ActiveCfg = Release|Any CPU
		{8017DDF4-D909-4CA5-BBAF-13DFF82BB717}.Release|Any CPU.Build.0 = Release|Any CPU
		{8017DDF4-D909-4CA5-BBAF-13DFF82BB717}.Release|x64.ActiveCfg = Release|Any CPU
		{8017DDF4-D909-4CA5-BBAF-13DFF82BB717}.Release|x64.Build.0 = Release|Any CPU
		{8017DDF4-D909-4CA5-BBAF-13DFF82BB717}.Release|x86.ActiveCfg = Release|Any CPU
		{8017DDF4-D909-4CA5-BBAF-13DFF82BB717}.Release|x86.Build.0 = Release|Any CPU
		{F2644B55-4B7C-4580-BB88-0DAE35ED5F2D}.Debug|Any CPU.ActiveCfg = Debug|Any CPU
		{F2644B55-4B7C-4580-BB88-0DAE35ED5F2D}.Debug|Any CPU.Build.0 = Debug|Any CPU
		{F2644B55-4B7C-4580-BB88-0DAE35ED5F2D}.Debug|x64.ActiveCfg = Debug|Any CPU
		{F2644B55-4B7C-4580-BB88-0DAE35ED5F2D}.Debug|x64.Build.0 = Debug|Any CPU
		{F2644B55-4B7C-4580-BB88-0DAE35ED5F2D}.Debug|x86.ActiveCfg = Debug|Any CPU
		{F2644B55-4B7C-4580-BB88-0DAE35ED5F2D}.Debug|x86.Build.0 = Debug|Any CPU
		{F2644B55-4B7C-4580-BB88-0DAE35ED5F2D}.Release|Any CPU.ActiveCfg = Release|Any CPU
		{F2644B55-4B7C-4580-BB88-0DAE35ED5F2D}.Release|Any CPU.Build.0 = Release|Any CPU
		{F2644B55-4B7C-4580-BB88-0DAE35ED5F2D}.Release|x64.ActiveCfg = Release|Any CPU
		{F2644B55-4B7C-4580-BB88-0DAE35ED5F2D}.Release|x64.Build.0 = Release|Any CPU
		{F2644B55-4B7C-4580-BB88-0DAE35ED5F2D}.Release|x86.ActiveCfg = Release|Any CPU
		{F2644B55-4B7C-4580-BB88-0DAE35ED5F2D}.Release|x86.Build.0 = Release|Any CPU
	EndGlobalSection
	GlobalSection(SolutionProperties) = preSolution
		HideSolutionNode = FALSE
	EndGlobalSection
	GlobalSection(ExtensibilityGlobals) = postSolution
		SolutionGuid = {B2FAB79B-02F7-4FC6-963E-07EEE5EF1A76}
	EndGlobalSection
EndGlobal
