Microsoft Visual Studio Solution File, Format Version 12.00
# Visual Studio Version 17
VisualStudioVersion = 17.5.2.0
MinimumVisualStudioVersion = 10.0.40219.1
Project("{FAE04EC0-301F-11D3-BF4B-00C04F79EFBC}") = "BasicLayout", "BasicLayout.csproj", "{99617B65-6C4C-2B17-B792-1FEC94BF7B4B}"
EndProject
Global
	GlobalSection(SolutionConfigurationPlatforms) = preSolution
		Debug|Any CPU = Debug|Any CPU
		Release|Any CPU = Release|Any CPU
	EndGlobalSection
	GlobalSection(ProjectConfigurationPlatforms) = postSolution
		{99617B65-6C4C-2B17-B792-1FEC94BF7B4B}.Debug|Any CPU.ActiveCfg = Debug|Any CPU
		{99617B65-6C4C-2B17-B792-1FEC94BF7B4B}.Debug|Any CPU.Build.0 = Debug|Any CPU
		{99617B65-6C4C-2B17-B792-1FEC94BF7B4B}.Release|Any CPU.ActiveCfg = Release|Any CPU
		{99617B65-6C4C-2B17-B792-1FEC94BF7B4B}.Release|Any CPU.Build.0 = Release|Any CPU
	EndGlobalSection
	GlobalSection(SolutionProperties) = preSolution
		HideSolutionNode = FALSE
	EndGlobalSection
	GlobalSection(ExtensibilityGlobals) = postSolution
		SolutionGuid = {B2C736EE-A1DE-4D58-8460-0EC4FD71E0E1}
	EndGlobalSection
EndGlobal
