
Microsoft Visual Studio Solution File, Format Version 12.00
# Visual Studio Version 17
VisualStudioVersion = 17.0.31903.59
MinimumVisualStudioVersion = 10.0.40219.1
Project("{FAE04EC0-301F-11D3-BF4B-00C04F79EFBC}") = "01.GeminiTextAndRagApi", "01.GeminiTextAndRagApi\01.GeminiTextAndRagApi.csproj", "{CC60F51E-6505-4508-A2D5-D7A214F0E16B}"
EndProject
Project("{FAE04EC0-301F-11D3-BF4B-00C04F79EFBC}") = "01.GeminiTextAndRagApi.Tests", "01.GeminiTextAndRagApi\tests\01.GeminiTextAndRagApi.Tests\01.GeminiTextAndRagApi.Tests.csproj", "{FCEA773B-036A-43D1-AABE-7EBED6C09A46}"
EndProject
Project("{FAE04EC0-301F-11D3-BF4B-00C04F79EFBC}") = "02.GeminiTextAndRagRazor", "02.GeminiTextAndRagRazor\02.GeminiTextAndRagRazor.csproj", "{929D6F56-BF50-4E2E-8DA0-263A7C96117D}"
EndProject
Project("{FAE04EC0-301F-11D3-BF4B-00C04F79EFBC}") = "02.GeminiTextAndRagRazor.Tests", "02.GeminiTextAndRagRazor\tests\02.GeminiTextAndRagRazor.Tests\02.GeminiTextAndRagRazor.Tests.csproj", "{FFD62FFE-8B38-4ED2-A717-3EF0C2E378E6}"
EndProject
Project("{FAE04EC0-301F-11D3-BF4B-00C04F79EFBC}") = "03.SemanticKernelLMStudio", "03.SemanticKernelLMStudio\03.SemanticKernelLMStudio.csproj", "{EEA3875A-D430-49FB-B8CB-A63D3A0AA50C}"
EndProject
Global
	GlobalSection(SolutionConfigurationPlatforms) = preSolution
		Debug|Any CPU = Debug|Any CPU
		Debug|x64 = Debug|x64
		Debug|x86 = Debug|x86
		Release|Any CPU = Release|Any CPU
		Release|x64 = Release|x64
		Release|x86 = Release|x86
	EndGlobalSection
	GlobalSection(ProjectConfigurationPlatforms) = postSolution
		{CC60F51E-6505-4508-A2D5-D7A214F0E16B}.Debug|Any CPU.ActiveCfg = Debug|Any CPU
		{CC60F51E-6505-4508-A2D5-D7A214F0E16B}.Debug|Any CPU.Build.0 = Debug|Any CPU
		{CC60F51E-6505-4508-A2D5-D7A214F0E16B}.Debug|x64.ActiveCfg = Debug|Any CPU
		{CC60F51E-6505-4508-A2D5-D7A214F0E16B}.Debug|x64.Build.0 = Debug|Any CPU
		{CC60F51E-6505-4508-A2D5-D7A214F0E16B}.Debug|x86.ActiveCfg = Debug|Any CPU
		{CC60F51E-6505-4508-A2D5-D7A214F0E16B}.Debug|x86.Build.0 = Debug|Any CPU
		{CC60F51E-6505-4508-A2D5-D7A214F0E16B}.Release|Any CPU.ActiveCfg = Release|Any CPU
		{CC60F51E-6505-4508-A2D5-D7A214F0E16B}.Release|Any CPU.Build.0 = Release|Any CPU
		{CC60F51E-6505-4508-A2D5-D7A214F0E16B}.Release|x64.ActiveCfg = Release|Any CPU
		{CC60F51E-6505-4508-A2D5-D7A214F0E16B}.Release|x64.Build.0 = Release|Any CPU
		{CC60F51E-6505-4508-A2D5-D7A214F0E16B}.Release|x86.ActiveCfg = Release|Any CPU
		{CC60F51E-6505-4508-A2D5-D7A214F0E16B}.Release|x86.Build.0 = Release|Any CPU
		{FCEA773B-036A-43D1-AABE-7EBED6C09A46}.Debug|Any CPU.ActiveCfg = Debug|Any CPU
		{FCEA773B-036A-43D1-AABE-7EBED6C09A46}.Debug|Any CPU.Build.0 = Debug|Any CPU
		{FCEA773B-036A-43D1-AABE-7EBED6C09A46}.Debug|x64.ActiveCfg = Debug|Any CPU
		{FCEA773B-036A-43D1-AABE-7EBED6C09A46}.Debug|x64.Build.0 = Debug|Any CPU
		{FCEA773B-036A-43D1-AABE-7EBED6C09A46}.Debug|x86.ActiveCfg = Debug|Any CPU
		{FCEA773B-036A-43D1-AABE-7EBED6C09A46}.Debug|x86.Build.0 = Debug|Any CPU
		{FCEA773B-036A-43D1-AABE-7EBED6C09A46}.Release|Any CPU.ActiveCfg = Release|Any CPU
		{FCEA773B-036A-43D1-AABE-7EBED6C09A46}.Release|Any CPU.Build.0 = Release|Any CPU
		{FCEA773B-036A-43D1-AABE-7EBED6C09A46}.Release|x64.ActiveCfg = Release|Any CPU
		{FCEA773B-036A-43D1-AABE-7EBED6C09A46}.Release|x64.Build.0 = Release|Any CPU
		{FCEA773B-036A-43D1-AABE-7EBED6C09A46}.Release|x86.ActiveCfg = Release|Any CPU
		{FCEA773B-036A-43D1-AABE-7EBED6C09A46}.Release|x86.Build.0 = Release|Any CPU
		{929D6F56-BF50-4E2E-8DA0-263A7C96117D}.Debug|Any CPU.ActiveCfg = Debug|Any CPU
		{929D6F56-BF50-4E2E-8DA0-263A7C96117D}.Debug|Any CPU.Build.0 = Debug|Any CPU
		{929D6F56-BF50-4E2E-8DA0-263A7C96117D}.Debug|x64.ActiveCfg = Debug|Any CPU
		{929D6F56-BF50-4E2E-8DA0-263A7C96117D}.Debug|x64.Build.0 = Debug|Any CPU
		{929D6F56-BF50-4E2E-8DA0-263A7C96117D}.Debug|x86.ActiveCfg = Debug|Any CPU
		{929D6F56-BF50-4E2E-8DA0-263A7C96117D}.Debug|x86.Build.0 = Debug|Any CPU
		{929D6F56-BF50-4E2E-8DA0-263A7C96117D}.Release|Any CPU.ActiveCfg = Release|Any CPU
		{929D6F56-BF50-4E2E-8DA0-263A7C96117D}.Release|Any CPU.Build.0 = Release|Any CPU
		{929D6F56-BF50-4E2E-8DA0-263A7C96117D}.Release|x64.ActiveCfg = Release|Any CPU
		{929D6F56-BF50-4E2E-8DA0-263A7C96117D}.Release|x64.Build.0 = Release|Any CPU
		{929D6F56-BF50-4E2E-8DA0-263A7C96117D}.Release|x86.ActiveCfg = Release|Any CPU
		{929D6F56-BF50-4E2E-8DA0-263A7C96117D}.Release|x86.Build.0 = Release|Any CPU
		{FFD62FFE-8B38-4ED2-A717-3EF0C2E378E6}.Debug|Any CPU.ActiveCfg = Debug|Any CPU
		{FFD62FFE-8B38-4ED2-A717-3EF0C2E378E6}.Debug|Any CPU.Build.0 = Debug|Any CPU
		{FFD62FFE-8B38-4ED2-A717-3EF0C2E378E6}.Debug|x64.ActiveCfg = Debug|Any CPU
		{FFD62FFE-8B38-4ED2-A717-3EF0C2E378E6}.Debug|x64.Build.0 = Debug|Any CPU
		{FFD62FFE-8B38-4ED2-A717-3EF0C2E378E6}.Debug|x86.ActiveCfg = Debug|Any CPU
		{FFD62FFE-8B38-4ED2-A717-3EF0C2E378E6}.Debug|x86.Build.0 = Debug|Any CPU
		{FFD62FFE-8B38-4ED2-A717-3EF0C2E378E6}.Release|Any CPU.ActiveCfg = Release|Any CPU
		{FFD62FFE-8B38-4ED2-A717-3EF0C2E378E6}.Release|Any CPU.Build.0 = Release|Any CPU
		{FFD62FFE-8B38-4ED2-A717-3EF0C2E378E6}.Release|x64.ActiveCfg = Release|Any CPU
		{FFD62FFE-8B38-4ED2-A717-3EF0C2E378E6}.Release|x64.Build.0 = Release|Any CPU
		{FFD62FFE-8B38-4ED2-A717-3EF0C2E378E6}.Release|x86.ActiveCfg = Release|Any CPU
		{FFD62FFE-8B38-4ED2-A717-3EF0C2E378E6}.Release|x86.Build.0 = Release|Any CPU
		{EEA3875A-D430-49FB-B8CB-A63D3A0AA50C}.Debug|Any CPU.ActiveCfg = Debug|Any CPU
		{EEA3875A-D430-49FB-B8CB-A63D3A0AA50C}.Debug|Any CPU.Build.0 = Debug|Any CPU
		{EEA3875A-D430-49FB-B8CB-A63D3A0AA50C}.Debug|x64.ActiveCfg = Debug|Any CPU
		{EEA3875A-D430-49FB-B8CB-A63D3A0AA50C}.Debug|x64.Build.0 = Debug|Any CPU
		{EEA3875A-D430-49FB-B8CB-A63D3A0AA50C}.Debug|x86.ActiveCfg = Debug|Any CPU
		{EEA3875A-D430-49FB-B8CB-A63D3A0AA50C}.Debug|x86.Build.0 = Debug|Any CPU
		{EEA3875A-D430-49FB-B8CB-A63D3A0AA50C}.Release|Any CPU.ActiveCfg = Release|Any CPU
		{EEA3875A-D430-49FB-B8CB-A63D3A0AA50C}.Release|Any CPU.Build.0 = Release|Any CPU
		{EEA3875A-D430-49FB-B8CB-A63D3A0AA50C}.Release|x64.ActiveCfg = Release|Any CPU
		{EEA3875A-D430-49FB-B8CB-A63D3A0AA50C}.Release|x64.Build.0 = Release|Any CPU
		{EEA3875A-D430-49FB-B8CB-A63D3A0AA50C}.Release|x86.ActiveCfg = Release|Any CPU
		{EEA3875A-D430-49FB-B8CB-A63D3A0AA50C}.Release|x86.Build.0 = Release|Any CPU
	EndGlobalSection
	GlobalSection(SolutionProperties) = preSolution
		HideSolutionNode = FALSE
	EndGlobalSection
EndGlobal
