
Microsoft Visual Studio Solution File, Format Version 12.00
# Visual Studio Version 17
VisualStudioVersion = 17.5.2.0
MinimumVisualStudioVersion = 10.0.40219.1
Project("{FAE04EC0-301F-11D3-BF4B-00C04F79EFBC}") = "01.BasicEFCore", "01.BasicEFCore\01.BasicEFCore.csproj", "{614B2EDD-2538-812E-0EE8-F190F1BE8692}"
EndProject
Project("{FAE04EC0-301F-11D3-BF4B-00C04F79EFBC}") = "02.PostgresDocker", "02.PostgresDocker\02.PostgresDocker.csproj", "{FCCDBF7A-5CC4-48CA-B2F6-E661579D5F90}"
EndProject
Project("{FAE04EC0-301F-11D3-BF4B-00C04F79EFBC}") = "03.LinqQueries", "03.LinqQueries\03.LinqQueries.csproj", "{74974474-A58C-45B9-93F7-B54D63F221A2}"
EndProject
Project("{FAE04EC0-301F-11D3-BF4B-00C04F79EFBC}") = "04.MongoDBDocker", "04.MongoDBDocker\04.MongoDBDocker.csproj", "{95538D6C-D577-443B-8070-7AD6DF6B46CF}"
EndProject
Project("{FAE04EC0-301F-11D3-BF4B-00C04F79EFBC}") = "05.ScaffoldingCRUD", "05.ScaffoldingCRUD\05.ScaffoldingCRUD.csproj", "{240F9CB6-B9BE-4E72-A46C-D3049B96367C}"
EndProject
Project("{FAE04EC0-301F-11D3-BF4B-00C04F79EFBC}") = "06.SecureConnections", "06.SecureConnections\06.SecureConnections.csproj", "{7CAF1FE8-4458-4482-BB0B-A3FE5A9DCF4E}"
EndProject
Project("{FAE04EC0-301F-11D3-BF4B-00C04F79EFBC}") = "07.ComprehensiveApp", "07.ComprehensiveApp\07.ComprehensiveApp.csproj", "{8047BD33-4630-4D87-98C3-420D1126F5BE}"
EndProject
Global
	GlobalSection(SolutionConfigurationPlatforms) = preSolution
		Debug|Any CPU = Debug|Any CPU
		Debug|x64 = Debug|x64
		Debug|x86 = Debug|x86
		Release|Any CPU = Release|Any CPU
		Release|x64 = Release|x64
		Release|x86 = Release|x86
	EndGlobalSection
	GlobalSection(ProjectConfigurationPlatforms) = postSolution
		{614B2EDD-2538-812E-0EE8-F190F1BE8692}.Debug|Any CPU.ActiveCfg = Debug|Any CPU
		{614B2EDD-2538-812E-0EE8-F190F1BE8692}.Debug|Any CPU.Build.0 = Debug|Any CPU
		{614B2EDD-2538-812E-0EE8-F190F1BE8692}.Debug|x64.ActiveCfg = Debug|Any CPU
		{614B2EDD-2538-812E-0EE8-F190F1BE8692}.Debug|x64.Build.0 = Debug|Any CPU
		{614B2EDD-2538-812E-0EE8-F190F1BE8692}.Debug|x86.ActiveCfg = Debug|Any CPU
		{614B2EDD-2538-812E-0EE8-F190F1BE8692}.Debug|x86.Build.0 = Debug|Any CPU
		{614B2EDD-2538-812E-0EE8-F190F1BE8692}.Release|Any CPU.ActiveCfg = Release|Any CPU
		{614B2EDD-2538-812E-0EE8-F190F1BE8692}.Release|Any CPU.Build.0 = Release|Any CPU
		{614B2EDD-2538-812E-0EE8-F190F1BE8692}.Release|x64.ActiveCfg = Release|Any CPU
		{614B2EDD-2538-812E-0EE8-F190F1BE8692}.Release|x64.Build.0 = Release|Any CPU
		{614B2EDD-2538-812E-0EE8-F190F1BE8692}.Release|x86.ActiveCfg = Release|Any CPU
		{614B2EDD-2538-812E-0EE8-F190F1BE8692}.Release|x86.Build.0 = Release|Any CPU
		{FCCDBF7A-5CC4-48CA-B2F6-E661579D5F90}.Debug|Any CPU.ActiveCfg = Debug|Any CPU
		{FCCDBF7A-5CC4-48CA-B2F6-E661579D5F90}.Debug|Any CPU.Build.0 = Debug|Any CPU
		{FCCDBF7A-5CC4-48CA-B2F6-E661579D5F90}.Debug|x64.ActiveCfg = Debug|Any CPU
		{FCCDBF7A-5CC4-48CA-B2F6-E661579D5F90}.Debug|x64.Build.0 = Debug|Any CPU
		{FCCDBF7A-5CC4-48CA-B2F6-E661579D5F90}.Debug|x86.ActiveCfg = Debug|Any CPU
		{FCCDBF7A-5CC4-48CA-B2F6-E661579D5F90}.Debug|x86.Build.0 = Debug|Any CPU
		{FCCDBF7A-5CC4-48CA-B2F6-E661579D5F90}.Release|Any CPU.ActiveCfg = Release|Any CPU
		{FCCDBF7A-5CC4-48CA-B2F6-E661579D5F90}.Release|Any CPU.Build.0 = Release|Any CPU
		{FCCDBF7A-5CC4-48CA-B2F6-E661579D5F90}.Release|x64.ActiveCfg = Release|Any CPU
		{FCCDBF7A-5CC4-48CA-B2F6-E661579D5F90}.Release|x64.Build.0 = Release|Any CPU
		{FCCDBF7A-5CC4-48CA-B2F6-E661579D5F90}.Release|x86.ActiveCfg = Release|Any CPU
		{FCCDBF7A-5CC4-48CA-B2F6-E661579D5F90}.Release|x86.Build.0 = Release|Any CPU
		{74974474-A58C-45B9-93F7-B54D63F221A2}.Debug|Any CPU.ActiveCfg = Debug|Any CPU
		{74974474-A58C-45B9-93F7-B54D63F221A2}.Debug|Any CPU.Build.0 = Debug|Any CPU
		{74974474-A58C-45B9-93F7-B54D63F221A2}.Debug|x64.ActiveCfg = Debug|Any CPU
		{74974474-A58C-45B9-93F7-B54D63F221A2}.Debug|x64.Build.0 = Debug|Any CPU
		{74974474-A58C-45B9-93F7-B54D63F221A2}.Debug|x86.ActiveCfg = Debug|Any CPU
		{74974474-A58C-45B9-93F7-B54D63F221A2}.Debug|x86.Build.0 = Debug|Any CPU
		{74974474-A58C-45B9-93F7-B54D63F221A2}.Release|Any CPU.ActiveCfg = Release|Any CPU
		{74974474-A58C-45B9-93F7-B54D63F221A2}.Release|Any CPU.Build.0 = Release|Any CPU
		{74974474-A58C-45B9-93F7-B54D63F221A2}.Release|x64.ActiveCfg = Release|Any CPU
		{74974474-A58C-45B9-93F7-B54D63F221A2}.Release|x64.Build.0 = Release|Any CPU
		{74974474-A58C-45B9-93F7-B54D63F221A2}.Release|x86.ActiveCfg = Release|Any CPU
		{74974474-A58C-45B9-93F7-B54D63F221A2}.Release|x86.Build.0 = Release|Any CPU
		{95538D6C-D577-443B-8070-7AD6DF6B46CF}.Debug|Any CPU.ActiveCfg = Debug|Any CPU
		{95538D6C-D577-443B-8070-7AD6DF6B46CF}.Debug|Any CPU.Build.0 = Debug|Any CPU
		{95538D6C-D577-443B-8070-7AD6DF6B46CF}.Debug|x64.ActiveCfg = Debug|Any CPU
		{95538D6C-D577-443B-8070-7AD6DF6B46CF}.Debug|x64.Build.0 = Debug|Any CPU
		{95538D6C-D577-443B-8070-7AD6DF6B46CF}.Debug|x86.ActiveCfg = Debug|Any CPU
		{95538D6C-D577-443B-8070-7AD6DF6B46CF}.Debug|x86.Build.0 = Debug|Any CPU
		{95538D6C-D577-443B-8070-7AD6DF6B46CF}.Release|Any CPU.ActiveCfg = Release|Any CPU
		{95538D6C-D577-443B-8070-7AD6DF6B46CF}.Release|Any CPU.Build.0 = Release|Any CPU
		{95538D6C-D577-443B-8070-7AD6DF6B46CF}.Release|x64.ActiveCfg = Release|Any CPU
		{95538D6C-D577-443B-8070-7AD6DF6B46CF}.Release|x64.Build.0 = Release|Any CPU
		{95538D6C-D577-443B-8070-7AD6DF6B46CF}.Release|x86.ActiveCfg = Release|Any CPU
		{95538D6C-D577-443B-8070-7AD6DF6B46CF}.Release|x86.Build.0 = Release|Any CPU
		{240F9CB6-B9BE-4E72-A46C-D3049B96367C}.Debug|Any CPU.ActiveCfg = Debug|Any CPU
		{240F9CB6-B9BE-4E72-A46C-D3049B96367C}.Debug|Any CPU.Build.0 = Debug|Any CPU
		{240F9CB6-B9BE-4E72-A46C-D3049B96367C}.Debug|x64.ActiveCfg = Debug|Any CPU
		{240F9CB6-B9BE-4E72-A46C-D3049B96367C}.Debug|x64.Build.0 = Debug|Any CPU
		{240F9CB6-B9BE-4E72-A46C-D3049B96367C}.Debug|x86.ActiveCfg = Debug|Any CPU
		{240F9CB6-B9BE-4E72-A46C-D3049B96367C}.Debug|x86.Build.0 = Debug|Any CPU
		{240F9CB6-B9BE-4E72-A46C-D3049B96367C}.Release|Any CPU.ActiveCfg = Release|Any CPU
		{240F9CB6-B9BE-4E72-A46C-D3049B96367C}.Release|Any CPU.Build.0 = Release|Any CPU
		{240F9CB6-B9BE-4E72-A46C-D3049B96367C}.Release|x64.ActiveCfg = Release|Any CPU
		{240F9CB6-B9BE-4E72-A46C-D3049B96367C}.Release|x64.Build.0 = Release|Any CPU
		{240F9CB6-B9BE-4E72-A46C-D3049B96367C}.Release|x86.ActiveCfg = Release|Any CPU
		{240F9CB6-B9BE-4E72-A46C-D3049B96367C}.Release|x86.Build.0 = Release|Any CPU
		{7CAF1FE8-4458-4482-BB0B-A3FE5A9DCF4E}.Debug|Any CPU.ActiveCfg = Debug|Any CPU
		{7CAF1FE8-4458-4482-BB0B-A3FE5A9DCF4E}.Debug|Any CPU.Build.0 = Debug|Any CPU
		{7CAF1FE8-4458-4482-BB0B-A3FE5A9DCF4E}.Debug|x64.ActiveCfg = Debug|Any CPU
		{7CAF1FE8-4458-4482-BB0B-A3FE5A9DCF4E}.Debug|x64.Build.0 = Debug|Any CPU
		{7CAF1FE8-4458-4482-BB0B-A3FE5A9DCF4E}.Debug|x86.ActiveCfg = Debug|Any CPU
		{7CAF1FE8-4458-4482-BB0B-A3FE5A9DCF4E}.Debug|x86.Build.0 = Debug|Any CPU
		{7CAF1FE8-4458-4482-BB0B-A3FE5A9DCF4E}.Release|Any CPU.ActiveCfg = Release|Any CPU
		{7CAF1FE8-4458-4482-BB0B-A3FE5A9DCF4E}.Release|Any CPU.Build.0 = Release|Any CPU
		{7CAF1FE8-4458-4482-BB0B-A3FE5A9DCF4E}.Release|x64.ActiveCfg = Release|Any CPU
		{7CAF1FE8-4458-4482-BB0B-A3FE5A9DCF4E}.Release|x64.Build.0 = Release|Any CPU
		{7CAF1FE8-4458-4482-BB0B-A3FE5A9DCF4E}.Release|x86.ActiveCfg = Release|Any CPU
		{7CAF1FE8-4458-4482-BB0B-A3FE5A9DCF4E}.Release|x86.Build.0 = Release|Any CPU
		{8047BD33-4630-4D87-98C3-420D1126F5BE}.Debug|Any CPU.ActiveCfg = Debug|Any CPU
		{8047BD33-4630-4D87-98C3-420D1126F5BE}.Debug|Any CPU.Build.0 = Debug|Any CPU
		{8047BD33-4630-4D87-98C3-420D1126F5BE}.Debug|x64.ActiveCfg = Debug|Any CPU
		{8047BD33-4630-4D87-98C3-420D1126F5BE}.Debug|x64.Build.0 = Debug|Any CPU
		{8047BD33-4630-4D87-98C3-420D1126F5BE}.Debug|x86.ActiveCfg = Debug|Any CPU
		{8047BD33-4630-4D87-98C3-420D1126F5BE}.Debug|x86.Build.0 = Debug|Any CPU
		{8047BD33-4630-4D87-98C3-420D1126F5BE}.Release|Any CPU.ActiveCfg = Release|Any CPU
		{8047BD33-4630-4D87-98C3-420D1126F5BE}.Release|Any CPU.Build.0 = Release|Any CPU
		{8047BD33-4630-4D87-98C3-420D1126F5BE}.Release|x64.ActiveCfg = Release|Any CPU
		{8047BD33-4630-4D87-98C3-420D1126F5BE}.Release|x64.Build.0 = Release|Any CPU
		{8047BD33-4630-4D87-98C3-420D1126F5BE}.Release|x86.ActiveCfg = Release|Any CPU
		{8047BD33-4630-4D87-98C3-420D1126F5BE}.Release|x86.Build.0 = Release|Any CPU
	EndGlobalSection
	GlobalSection(SolutionProperties) = preSolution
		HideSolutionNode = FALSE
	EndGlobalSection
	GlobalSection(ExtensibilityGlobals) = postSolution
		SolutionGuid = {B44E691A-F5C9-4355-8A1C-28D0399A7196}
	EndGlobalSection
EndGlobal
