
Microsoft Visual Studio Solution File, Format Version 12.00
# Visual Studio Version 17
VisualStudioVersion = 17.5.2.0
MinimumVisualStudioVersion = 10.0.40219.1
Project("{FAE04EC0-301F-11D3-BF4B-00C04F79EFBC}") = "AspNetHelloWorld", "AspNetHelloWorld\AspNetHelloWorld.csproj", "{DD2D97A5-F475-A391-AE6D-4C0DFBB2B5CA}"
EndProject
Project("{2150E333-8FDC-42A3-9474-1A3956D46DE8}") = "DotNetHelloWorldCLI", "DotNetHelloWorldCLI", "{5DEF55B1-3F44-D3B2-F3BE-4D9718284FFB}"
EndProject
Project("{2150E333-8FDC-42A3-9474-1A3956D46DE8}") = "src", "src", "{ECDE7BA0-0AFD-2B62-1943-3A77B684FB76}"
EndProject
Project("{FAE04EC0-301F-11D3-BF4B-00C04F79EFBC}") = "DotNetHelloWorldCLI", "DotNetHelloWorldCLI\src\DotNetHelloWorldCLI\DotNetHelloWorldCLI.csproj", "{A994E48C-9D3B-4F6C-BCE9-E670180ABA1F}"
EndProject
Global
	GlobalSection(SolutionConfigurationPlatforms) = preSolution
		Debug|Any CPU = Debug|Any CPU
		Debug|x64 = Debug|x64
		Debug|x86 = Debug|x86
		Release|Any CPU = Release|Any CPU
		Release|x64 = Release|x64
		Release|x86 = Release|x86
	EndGlobalSection
	GlobalSection(ProjectConfigurationPlatforms) = postSolution
		{DD2D97A5-F475-A391-AE6D-4C0DFBB2B5CA}.Debug|Any CPU.ActiveCfg = Debug|Any CPU
		{DD2D97A5-F475-A391-AE6D-4C0DFBB2B5CA}.Debug|Any CPU.Build.0 = Debug|Any CPU
		{DD2D97A5-F475-A391-AE6D-4C0DFBB2B5CA}.Debug|x64.ActiveCfg = Debug|Any CPU
		{DD2D97A5-F475-A391-AE6D-4C0DFBB2B5CA}.Debug|x64.Build.0 = Debug|Any CPU
		{DD2D97A5-F475-A391-AE6D-4C0DFBB2B5CA}.Debug|x86.ActiveCfg = Debug|Any CPU
		{DD2D97A5-F475-A391-AE6D-4C0DFBB2B5CA}.Debug|x86.Build.0 = Debug|Any CPU
		{DD2D97A5-F475-A391-AE6D-4C0DFBB2B5CA}.Release|Any CPU.ActiveCfg = Release|Any CPU
		{DD2D97A5-F475-A391-AE6D-4C0DFBB2B5CA}.Release|Any CPU.Build.0 = Release|Any CPU
		{DD2D97A5-F475-A391-AE6D-4C0DFBB2B5CA}.Release|x64.ActiveCfg = Release|Any CPU
		{DD2D97A5-F475-A391-AE6D-4C0DFBB2B5CA}.Release|x64.Build.0 = Release|Any CPU
		{DD2D97A5-F475-A391-AE6D-4C0DFBB2B5CA}.Release|x86.ActiveCfg = Release|Any CPU
		{DD2D97A5-F475-A391-AE6D-4C0DFBB2B5CA}.Release|x86.Build.0 = Release|Any CPU
		{A994E48C-9D3B-4F6C-BCE9-E670180ABA1F}.Debug|Any CPU.ActiveCfg = Debug|Any CPU
		{A994E48C-9D3B-4F6C-BCE9-E670180ABA1F}.Debug|Any CPU.Build.0 = Debug|Any CPU
		{A994E48C-9D3B-4F6C-BCE9-E670180ABA1F}.Debug|x64.ActiveCfg = Debug|Any CPU
		{A994E48C-9D3B-4F6C-BCE9-E670180ABA1F}.Debug|x64.Build.0 = Debug|Any CPU
		{A994E48C-9D3B-4F6C-BCE9-E670180ABA1F}.Debug|x86.ActiveCfg = Debug|Any CPU
		{A994E48C-9D3B-4F6C-BCE9-E670180ABA1F}.Debug|x86.Build.0 = Debug|Any CPU
		{A994E48C-9D3B-4F6C-BCE9-E670180ABA1F}.Release|Any CPU.ActiveCfg = Release|Any CPU
		{A994E48C-9D3B-4F6C-BCE9-E670180ABA1F}.Release|Any CPU.Build.0 = Release|Any CPU
		{A994E48C-9D3B-4F6C-BCE9-E670180ABA1F}.Release|x64.ActiveCfg = Release|Any CPU
		{A994E48C-9D3B-4F6C-BCE9-E670180ABA1F}.Release|x64.Build.0 = Release|Any CPU
		{A994E48C-9D3B-4F6C-BCE9-E670180ABA1F}.Release|x86.ActiveCfg = Release|Any CPU
		{A994E48C-9D3B-4F6C-BCE9-E670180ABA1F}.Release|x86.Build.0 = Release|Any CPU
	EndGlobalSection
	GlobalSection(SolutionProperties) = preSolution
		HideSolutionNode = FALSE
	EndGlobalSection
	GlobalSection(NestedProjects) = preSolution
		{ECDE7BA0-0AFD-2B62-1943-3A77B684FB76} = {5DEF55B1-3F44-D3B2-F3BE-4D9718284FFB}
		{A994E48C-9D3B-4F6C-BCE9-E670180ABA1F} = {ECDE7BA0-0AFD-2B62-1943-3A77B684FB76}
	EndGlobalSection
	GlobalSection(ExtensibilityGlobals) = postSolution
		SolutionGuid = {A826346F-68E0-4AF9-AFC9-6296897D8296}
	EndGlobalSection
EndGlobal
