
Microsoft Visual Studio Solution File, Format Version 12.00
# Visual Studio Version 17
VisualStudioVersion = 17.0.31903.59
MinimumVisualStudioVersion = 10.0.40219.1
Project("{2150E333-8FDC-42A3-9474-1A3956D46DE8}") = "00.DotNetHelloWorldCLI", "00.DotNetHelloWorldCLI", "{1699B45A-52BC-63E2-6D3A-56AEE1182DB8}"
EndProject
Project("{2150E333-8FDC-42A3-9474-1A3956D46DE8}") = "src", "src", "{10972E10-7457-1E7E-C560-2101F7130E06}"
EndProject
Project("{FAE04EC0-301F-11D3-BF4B-00C04F79EFBC}") = "DotNetHelloWorldCLI", "00.DotNetHelloWorldCLI\src\DotNetHelloWorldCLI\DotNetHelloWorldCLI.csproj", "{B8EC6F93-D9E9-4A9B-8052-8E4646A21344}"
EndProject
Project("{2150E333-8FDC-42A3-9474-1A3956D46DE8}") = "01.AspNetHelloWorld", "01.AspNetHelloWorld", "{86220D8F-E309-B0B9-1072-00068C18C541}"
EndProject
Project("{FAE04EC0-301F-11D3-BF4B-00C04F79EFBC}") = "AspNetHelloWorld", "01.AspNetHelloWorld\AspNetHelloWorld.csproj", "{C6E8A805-2229-4439-AF41-D5024ABEA18E}"
EndProject
Project("{2150E333-8FDC-42A3-9474-1A3956D46DE8}") = "01.HelloWorldBlazor", "01.HelloWorldBlazor", "{7320E799-D8CD-BC37-C3AE-B13C884D8F1F}"
EndProject
Project("{FAE04EC0-301F-11D3-BF4B-00C04F79EFBC}") = "HelloWorldBlazor", "01.HelloWorldBlazor\HelloWorldBlazor.csproj", "{795BCE75-2258-4A54-8986-40956BD1EFBD}"
EndProject
Project("{2150E333-8FDC-42A3-9474-1A3956D46DE8}") = "02.HelloWorldApi", "02.HelloWorldApi", "{84D073E8-C609-1F79-151E-1B600F542E81}"
EndProject
Project("{FAE04EC0-301F-11D3-BF4B-00C04F79EFBC}") = "HelloWorldApi", "02.HelloWorldApi\HelloWorldApi.csproj", "{62A2986E-E107-4C28-9A71-C68E203F9ED3}"
EndProject
Project("{2150E333-8FDC-42A3-9474-1A3956D46DE8}") = "03.DesktopApp-MAUI", "03.DesktopApp-MAUI", "{012868B8-784D-58F7-A16B-15EA5C9A9E90}"
EndProject
Project("{FAE04EC0-301F-11D3-BF4B-00C04F79EFBC}") = "HelloWorldMaui", "03.DesktopApp-MAUI\HelloWorldMaui.csproj", "{22202D12-D797-4659-ADC5-208CF26C4235}"
EndProject
Project("{2150E333-8FDC-42A3-9474-1A3956D46DE8}") = "04.Data", "04.Data", "{E97B045D-7A54-3E4C-39AB-FCA014E52589}"
EndProject
Project("{FAE04EC0-301F-11D3-BF4B-00C04F79EFBC}") = "HelloWorldData", "04.Data\HelloWorldData.csproj", "{55547A51-ACF3-4CDD-BCB9-1E56571F746A}"
EndProject
Project("{2150E333-8FDC-42A3-9474-1A3956D46DE8}") = "05.ML-AI", "05.ML-AI", "{4A310327-A66F-99EF-566E-F1009B43CD99}"
EndProject
Project("{FAE04EC0-301F-11D3-BF4B-00C04F79EFBC}") = "HelloWorldAiChat", "05.ML-AI\HelloWorldAiChat.csproj", "{EC8AC34B-51A7-4D13-AB45-0D340814D588}"
EndProject
Project("{FAE04EC0-301F-11D3-BF4B-00C04F79EFBC}") = "07.HelloWorldDocker", "07.HelloWorldDocker\07.HelloWorldDocker.csproj", "{6F6FBD25-C937-4B3E-8C9E-D4F586D40FB8}"
EndProject
Global
	GlobalSection(SolutionConfigurationPlatforms) = preSolution
		Debug|Any CPU = Debug|Any CPU
		Debug|x64 = Debug|x64
		Debug|x86 = Debug|x86
		Release|Any CPU = Release|Any CPU
		Release|x64 = Release|x64
		Release|x86 = Release|x86
	EndGlobalSection
	GlobalSection(ProjectConfigurationPlatforms) = postSolution
		{B8EC6F93-D9E9-4A9B-8052-8E4646A21344}.Debug|Any CPU.ActiveCfg = Debug|Any CPU
		{B8EC6F93-D9E9-4A9B-8052-8E4646A21344}.Debug|Any CPU.Build.0 = Debug|Any CPU
		{B8EC6F93-D9E9-4A9B-8052-8E4646A21344}.Debug|x64.ActiveCfg = Debug|Any CPU
		{B8EC6F93-D9E9-4A9B-8052-8E4646A21344}.Debug|x64.Build.0 = Debug|Any CPU
		{B8EC6F93-D9E9-4A9B-8052-8E4646A21344}.Debug|x86.ActiveCfg = Debug|Any CPU
		{B8EC6F93-D9E9-4A9B-8052-8E4646A21344}.Debug|x86.Build.0 = Debug|Any CPU
		{B8EC6F93-D9E9-4A9B-8052-8E4646A21344}.Release|Any CPU.ActiveCfg = Release|Any CPU
		{B8EC6F93-D9E9-4A9B-8052-8E4646A21344}.Release|Any CPU.Build.0 = Release|Any CPU
		{B8EC6F93-D9E9-4A9B-8052-8E4646A21344}.Release|x64.ActiveCfg = Release|Any CPU
		{B8EC6F93-D9E9-4A9B-8052-8E4646A21344}.Release|x64.Build.0 = Release|Any CPU
		{B8EC6F93-D9E9-4A9B-8052-8E4646A21344}.Release|x86.ActiveCfg = Release|Any CPU
		{B8EC6F93-D9E9-4A9B-8052-8E4646A21344}.Release|x86.Build.0 = Release|Any CPU
		{C6E8A805-2229-4439-AF41-D5024ABEA18E}.Debug|Any CPU.ActiveCfg = Debug|Any CPU
		{C6E8A805-2229-4439-AF41-D5024ABEA18E}.Debug|Any CPU.Build.0 = Debug|Any CPU
		{C6E8A805-2229-4439-AF41-D5024ABEA18E}.Debug|x64.ActiveCfg = Debug|Any CPU
		{C6E8A805-2229-4439-AF41-D5024ABEA18E}.Debug|x64.Build.0 = Debug|Any CPU
		{C6E8A805-2229-4439-AF41-D5024ABEA18E}.Debug|x86.ActiveCfg = Debug|Any CPU
		{C6E8A805-2229-4439-AF41-D5024ABEA18E}.Debug|x86.Build.0 = Debug|Any CPU
		{C6E8A805-2229-4439-AF41-D5024ABEA18E}.Release|Any CPU.ActiveCfg = Release|Any CPU
		{C6E8A805-2229-4439-AF41-D5024ABEA18E}.Release|Any CPU.Build.0 = Release|Any CPU
		{C6E8A805-2229-4439-AF41-D5024ABEA18E}.Release|x64.ActiveCfg = Release|Any CPU
		{C6E8A805-2229-4439-AF41-D5024ABEA18E}.Release|x64.Build.0 = Release|Any CPU
		{C6E8A805-2229-4439-AF41-D5024ABEA18E}.Release|x86.ActiveCfg = Release|Any CPU
		{C6E8A805-2229-4439-AF41-D5024ABEA18E}.Release|x86.Build.0 = Release|Any CPU
		{795BCE75-2258-4A54-8986-40956BD1EFBD}.Debug|Any CPU.ActiveCfg = Debug|Any CPU
		{795BCE75-2258-4A54-8986-40956BD1EFBD}.Debug|Any CPU.Build.0 = Debug|Any CPU
		{795BCE75-2258-4A54-8986-40956BD1EFBD}.Debug|x64.ActiveCfg = Debug|Any CPU
		{795BCE75-2258-4A54-8986-40956BD1EFBD}.Debug|x64.Build.0 = Debug|Any CPU
		{795BCE75-2258-4A54-8986-40956BD1EFBD}.Debug|x86.ActiveCfg = Debug|Any CPU
		{795BCE75-2258-4A54-8986-40956BD1EFBD}.Debug|x86.Build.0 = Debug|Any CPU
		{795BCE75-2258-4A54-8986-40956BD1EFBD}.Release|Any CPU.ActiveCfg = Release|Any CPU
		{795BCE75-2258-4A54-8986-40956BD1EFBD}.Release|Any CPU.Build.0 = Release|Any CPU
		{795BCE75-2258-4A54-8986-40956BD1EFBD}.Release|x64.ActiveCfg = Release|Any CPU
		{795BCE75-2258-4A54-8986-40956BD1EFBD}.Release|x64.Build.0 = Release|Any CPU
		{795BCE75-2258-4A54-8986-40956BD1EFBD}.Release|x86.ActiveCfg = Release|Any CPU
		{795BCE75-2258-4A54-8986-40956BD1EFBD}.Release|x86.Build.0 = Release|Any CPU
		{62A2986E-E107-4C28-9A71-C68E203F9ED3}.Debug|Any CPU.ActiveCfg = Debug|Any CPU
		{62A2986E-E107-4C28-9A71-C68E203F9ED3}.Debug|Any CPU.Build.0 = Debug|Any CPU
		{62A2986E-E107-4C28-9A71-C68E203F9ED3}.Debug|x64.ActiveCfg = Debug|Any CPU
		{62A2986E-E107-4C28-9A71-C68E203F9ED3}.Debug|x64.Build.0 = Debug|Any CPU
		{62A2986E-E107-4C28-9A71-C68E203F9ED3}.Debug|x86.ActiveCfg = Debug|Any CPU
		{62A2986E-E107-4C28-9A71-C68E203F9ED3}.Debug|x86.Build.0 = Debug|Any CPU
		{62A2986E-E107-4C28-9A71-C68E203F9ED3}.Release|Any CPU.ActiveCfg = Release|Any CPU
		{62A2986E-E107-4C28-9A71-C68E203F9ED3}.Release|Any CPU.Build.0 = Release|Any CPU
		{62A2986E-E107-4C28-9A71-C68E203F9ED3}.Release|x64.ActiveCfg = Release|Any CPU
		{62A2986E-E107-4C28-9A71-C68E203F9ED3}.Release|x64.Build.0 = Release|Any CPU
		{62A2986E-E107-4C28-9A71-C68E203F9ED3}.Release|x86.ActiveCfg = Release|Any CPU
		{62A2986E-E107-4C28-9A71-C68E203F9ED3}.Release|x86.Build.0 = Release|Any CPU
		{22202D12-D797-4659-ADC5-208CF26C4235}.Debug|Any CPU.ActiveCfg = Debug|Any CPU
		{22202D12-D797-4659-ADC5-208CF26C4235}.Debug|Any CPU.Build.0 = Debug|Any CPU
		{22202D12-D797-4659-ADC5-208CF26C4235}.Debug|x64.ActiveCfg = Debug|Any CPU
		{22202D12-D797-4659-ADC5-208CF26C4235}.Debug|x64.Build.0 = Debug|Any CPU
		{22202D12-D797-4659-ADC5-208CF26C4235}.Debug|x86.ActiveCfg = Debug|Any CPU
		{22202D12-D797-4659-ADC5-208CF26C4235}.Debug|x86.Build.0 = Debug|Any CPU
		{22202D12-D797-4659-ADC5-208CF26C4235}.Release|Any CPU.ActiveCfg = Release|Any CPU
		{22202D12-D797-4659-ADC5-208CF26C4235}.Release|Any CPU.Build.0 = Release|Any CPU
		{22202D12-D797-4659-ADC5-208CF26C4235}.Release|x64.ActiveCfg = Release|Any CPU
		{22202D12-D797-4659-ADC5-208CF26C4235}.Release|x64.Build.0 = Release|Any CPU
		{22202D12-D797-4659-ADC5-208CF26C4235}.Release|x86.ActiveCfg = Release|Any CPU
		{22202D12-D797-4659-ADC5-208CF26C4235}.Release|x86.Build.0 = Release|Any CPU
		{55547A51-ACF3-4CDD-BCB9-1E56571F746A}.Debug|Any CPU.ActiveCfg = Debug|Any CPU
		{55547A51-ACF3-4CDD-BCB9-1E56571F746A}.Debug|Any CPU.Build.0 = Debug|Any CPU
		{55547A51-ACF3-4CDD-BCB9-1E56571F746A}.Debug|x64.ActiveCfg = Debug|Any CPU
		{55547A51-ACF3-4CDD-BCB9-1E56571F746A}.Debug|x64.Build.0 = Debug|Any CPU
		{55547A51-ACF3-4CDD-BCB9-1E56571F746A}.Debug|x86.ActiveCfg = Debug|Any CPU
		{55547A51-ACF3-4CDD-BCB9-1E56571F746A}.Debug|x86.Build.0 = Debug|Any CPU
		{55547A51-ACF3-4CDD-BCB9-1E56571F746A}.Release|Any CPU.ActiveCfg = Release|Any CPU
		{55547A51-ACF3-4CDD-BCB9-1E56571F746A}.Release|Any CPU.Build.0 = Release|Any CPU
		{55547A51-ACF3-4CDD-BCB9-1E56571F746A}.Release|x64.ActiveCfg = Release|Any CPU
		{55547A51-ACF3-4CDD-BCB9-1E56571F746A}.Release|x64.Build.0 = Release|Any CPU
		{55547A51-ACF3-4CDD-BCB9-1E56571F746A}.Release|x86.ActiveCfg = Release|Any CPU
		{55547A51-ACF3-4CDD-BCB9-1E56571F746A}.Release|x86.Build.0 = Release|Any CPU
		{EC8AC34B-51A7-4D13-AB45-0D340814D588}.Debug|Any CPU.ActiveCfg = Debug|Any CPU
		{EC8AC34B-51A7-4D13-AB45-0D340814D588}.Debug|Any CPU.Build.0 = Debug|Any CPU
		{EC8AC34B-51A7-4D13-AB45-0D340814D588}.Debug|x64.ActiveCfg = Debug|Any CPU
		{EC8AC34B-51A7-4D13-AB45-0D340814D588}.Debug|x64.Build.0 = Debug|Any CPU
		{EC8AC34B-51A7-4D13-AB45-0D340814D588}.Debug|x86.ActiveCfg = Debug|Any CPU
		{EC8AC34B-51A7-4D13-AB45-0D340814D588}.Debug|x86.Build.0 = Debug|Any CPU
		{EC8AC34B-51A7-4D13-AB45-0D340814D588}.Release|Any CPU.ActiveCfg = Release|Any CPU
		{EC8AC34B-51A7-4D13-AB45-0D340814D588}.Release|Any CPU.Build.0 = Release|Any CPU
		{EC8AC34B-51A7-4D13-AB45-0D340814D588}.Release|x64.ActiveCfg = Release|Any CPU
		{EC8AC34B-51A7-4D13-AB45-0D340814D588}.Release|x64.Build.0 = Release|Any CPU
		{EC8AC34B-51A7-4D13-AB45-0D340814D588}.Release|x86.ActiveCfg = Release|Any CPU
		{EC8AC34B-51A7-4D13-AB45-0D340814D588}.Release|x86.Build.0 = Release|Any CPU
		{6F6FBD25-C937-4B3E-8C9E-D4F586D40FB8}.Debug|Any CPU.ActiveCfg = Debug|Any CPU
		{6F6FBD25-C937-4B3E-8C9E-D4F586D40FB8}.Debug|Any CPU.Build.0 = Debug|Any CPU
		{6F6FBD25-C937-4B3E-8C9E-D4F586D40FB8}.Debug|x64.ActiveCfg = Debug|Any CPU
		{6F6FBD25-C937-4B3E-8C9E-D4F586D40FB8}.Debug|x64.Build.0 = Debug|Any CPU
		{6F6FBD25-C937-4B3E-8C9E-D4F586D40FB8}.Debug|x86.ActiveCfg = Debug|Any CPU
		{6F6FBD25-C937-4B3E-8C9E-D4F586D40FB8}.Debug|x86.Build.0 = Debug|Any CPU
		{6F6FBD25-C937-4B3E-8C9E-D4F586D40FB8}.Release|Any CPU.ActiveCfg = Release|Any CPU
		{6F6FBD25-C937-4B3E-8C9E-D4F586D40FB8}.Release|Any CPU.Build.0 = Release|Any CPU
		{6F6FBD25-C937-4B3E-8C9E-D4F586D40FB8}.Release|x64.ActiveCfg = Release|Any CPU
		{6F6FBD25-C937-4B3E-8C9E-D4F586D40FB8}.Release|x64.Build.0 = Release|Any CPU
		{6F6FBD25-C937-4B3E-8C9E-D4F586D40FB8}.Release|x86.ActiveCfg = Release|Any CPU
		{6F6FBD25-C937-4B3E-8C9E-D4F586D40FB8}.Release|x86.Build.0 = Release|Any CPU
	EndGlobalSection
	GlobalSection(SolutionProperties) = preSolution
		HideSolutionNode = FALSE
	EndGlobalSection
	GlobalSection(NestedProjects) = preSolution
		{10972E10-7457-1E7E-C560-2101F7130E06} = {1699B45A-52BC-63E2-6D3A-56AEE1182DB8}
		{B8EC6F93-D9E9-4A9B-8052-8E4646A21344} = {10972E10-7457-1E7E-C560-2101F7130E06}
		{C6E8A805-2229-4439-AF41-D5024ABEA18E} = {86220D8F-E309-B0B9-1072-00068C18C541}
		{795BCE75-2258-4A54-8986-40956BD1EFBD} = {7320E799-D8CD-BC37-C3AE-B13C884D8F1F}
		{62A2986E-E107-4C28-9A71-C68E203F9ED3} = {84D073E8-C609-1F79-151E-1B600F542E81}
		{22202D12-D797-4659-ADC5-208CF26C4235} = {012868B8-784D-58F7-A16B-15EA5C9A9E90}
		{55547A51-ACF3-4CDD-BCB9-1E56571F746A} = {E97B045D-7A54-3E4C-39AB-FCA014E52589}
		{EC8AC34B-51A7-4D13-AB45-0D340814D588} = {4A310327-A66F-99EF-566E-F1009B43CD99}
	EndGlobalSection
EndGlobal
